PODS:
  - Alamofire (4.4.0)
  - SwiftyDropbox (4.1.1):
    - Alamofire (~> 4.4.0)

DEPENDENCIES:
  - SwiftyDropbox (from `../`)

EXTERNAL SOURCES:
  SwiftyDropbox:
    :path: "../"

SPEC CHECKSUMS:
  Alamofire: dc44b1600b800eb63da6a19039a0083d62a6a62d
  SwiftyDropbox: f7c9a390e7d67cbeb0970c260275432c1d829ff0

PODFILE CHECKSUM: cda7778a68b8e1516da95c603eec2ef267d40ce9

COCOAPODS: 1.2.0.beta.1
