PODS:
  - Alamofire (4.0.0)
  - SwiftyDropbox (4.0.2):
    - Alamofire (~> 4.0.0)

DEPENDENCIES:
  - SwiftyDropbox (from `../`)

EXTERNAL SOURCES:
  SwiftyDropbox:
    :path: "../"

SPEC CHECKSUMS:
  Alamofire: fef59f00388f267e52d9b432aa5d93dc97190f14
  SwiftyDropbox: 4458bb0c2d62d7714b7d2cddec107e392f3645d8

PODFILE CHECKSUM: cda7778a68b8e1516da95c603eec2ef267d40ce9

COCOAPODS: 1.1.0.rc.2
