// !$*UTF8*$!
{
	archiveVersion = 1;
	classes = {
	};
	objectVersion = 46;
	objects = {

/* Begin PBXBuildFile section */
		99BB40688ADE8EEB5788C5D6 /* Pods_TestSwifty_iOS.framework in Frameworks */ = {isa = PBXBuildFile; fileRef = D57DAB1037FD86C9CF8DD542 /* Pods_TestSwifty_iOS.framework */; };
		F290789A1D8B7D0F00E6DD71 /* AppDelegate.swift in Sources */ = {isa = PBXBuildFile; fileRef = F29078901D8B7D0F00E6DD71 /* AppDelegate.swift */; };
		F290789B1D8B7D0F00E6DD71 /* Assets.xcassets in Resources */ = {isa = PBXBuildFile; fileRef = F29078911D8B7D0F00E6DD71 /* Assets.xcassets */; };
		F290789C1D8B7D0F00E6DD71 /* LaunchScreen.storyboard in Resources */ = {isa = PBXBuildFile; fileRef = F29078921D8B7D0F00E6DD71 /* LaunchScreen.storyboard */; };
		F290789E1D8B7D0F00E6DD71 /* Main.storyboard in Resources */ = {isa = PBXBuildFile; fileRef = F29078951D8B7D0F00E6DD71 /* Main.storyboard */; };
		F290789F1D8B7D0F00E6DD71 /* TestClasses.swift in Sources */ = {isa = PBXBuildFile; fileRef = F29078961D8B7D0F00E6DD71 /* TestClasses.swift */; };
		F29078A01D8B7D0F00E6DD71 /* TestData.swift in Sources */ = {isa = PBXBuildFile; fileRef = F29078971D8B7D0F00E6DD71 /* TestData.swift */; };
		F29078A11D8B7D0F00E6DD71 /* ViewController.swift in Sources */ = {isa = PBXBuildFile; fileRef = F29078991D8B7D0F00E6DD71 /* ViewController.swift */; };
/* End PBXBuildFile section */

/* Begin PBXFileReference section */
		7E017741F2C531C3E0C021A0 /* Pods.framework */ = {isa = PBXFileReference; explicitFileType = wrapper.framework; includeInIndex = 0; path = Pods.framework; sourceTree = BUILT_PRODUCTS_DIR; };
		92FA69228E94300945766BA5 /* Pods-TestSwifty_iOS.debug.xcconfig */ = {isa = PBXFileReference; includeInIndex = 1; lastKnownFileType = text.xcconfig; name = "Pods-TestSwifty_iOS.debug.xcconfig"; path = "Pods/Target Support Files/Pods-TestSwifty_iOS/Pods-TestSwifty_iOS.debug.xcconfig"; sourceTree = "<group>"; };
		CC264605991387B8BEE7C8C5 /* Pods-TestSwifty_iOS.release.xcconfig */ = {isa = PBXFileReference; includeInIndex = 1; lastKnownFileType = text.xcconfig; name = "Pods-TestSwifty_iOS.release.xcconfig"; path = "Pods/Target Support Files/Pods-TestSwifty_iOS/Pods-TestSwifty_iOS.release.xcconfig"; sourceTree = "<group>"; };
		D57DAB1037FD86C9CF8DD542 /* Pods_TestSwifty_iOS.framework */ = {isa = PBXFileReference; explicitFileType = wrapper.framework; includeInIndex = 0; path = Pods_TestSwifty_iOS.framework; sourceTree = BUILT_PRODUCTS_DIR; };
		E76F57821BB5C18600FE5EFB /* TestSwifty_iOS.app */ = {isa = PBXFileReference; explicitFileType = wrapper.application; includeInIndex = 0; path = TestSwifty_iOS.app; sourceTree = BUILT_PRODUCTS_DIR; };
		F29078901D8B7D0F00E6DD71 /* AppDelegate.swift */ = {isa = PBXFileReference; fileEncoding = 4; lastKnownFileType = sourcecode.swift; path = AppDelegate.swift; sourceTree = "<group>"; };
		F29078911D8B7D0F00E6DD71 /* Assets.xcassets */ = {isa = PBXFileReference; lastKnownFileType = folder.assetcatalog; path = Assets.xcassets; sourceTree = "<group>"; };
		F29078931D8B7D0F00E6DD71 /* Base */ = {isa = PBXFileReference; lastKnownFileType = file.storyboard; name = Base; path = Base.lproj/LaunchScreen.storyboard; sourceTree = "<group>"; };
		F29078951D8B7D0F00E6DD71 /* Main.storyboard */ = {isa = PBXFileReference; fileEncoding = 4; lastKnownFileType = file.storyboard; path = Main.storyboard; sourceTree = "<group>"; };
		F29078961D8B7D0F00E6DD71 /* TestClasses.swift */ = {isa = PBXFileReference; fileEncoding = 4; lastKnownFileType = sourcecode.swift; path = TestClasses.swift; sourceTree = "<group>"; };
		F29078971D8B7D0F00E6DD71 /* TestData.swift */ = {isa = PBXFileReference; fileEncoding = 4; lastKnownFileType = sourcecode.swift; path = TestData.swift; sourceTree = "<group>"; };
		F29078991D8B7D0F00E6DD71 /* ViewController.swift */ = {isa = PBXFileReference; fileEncoding = 4; lastKnownFileType = sourcecode.swift; path = ViewController.swift; sourceTree = "<group>"; };
		F29078A21D8B7EA500E6DD71 /* TestSwifty_iOS.entitlements */ = {isa = PBXFileReference; lastKnownFileType = text.plist.entitlements; path = TestSwifty_iOS.entitlements; sourceTree = "<group>"; };
		F29078A51D8B7FFC00E6DD71 /* Info.plist */ = {isa = PBXFileReference; lastKnownFileType = text.plist.xml; path = Info.plist; sourceTree = "<group>"; };
/* End PBXFileReference section */

/* Begin PBXFrameworksBuildPhase section */
		E76F577F1BB5C18600FE5EFB /* Frameworks */ = {
			isa = PBXFrameworksBuildPhase;
			buildActionMask = 2147483647;
			files = (
				99BB40688ADE8EEB5788C5D6 /* Pods_TestSwifty_iOS.framework in Frameworks */,
			);
			runOnlyForDeploymentPostprocessing = 0;
		};
/* End PBXFrameworksBuildPhase section */

/* Begin PBXGroup section */
		B9A173DC8457FFCE8989A392 /* Pods */ = {
			isa = PBXGroup;
			children = (
				92FA69228E94300945766BA5 /* Pods-TestSwifty_iOS.debug.xcconfig */,
				CC264605991387B8BEE7C8C5 /* Pods-TestSwifty_iOS.release.xcconfig */,
			);
			name = Pods;
			sourceTree = "<group>";
		};
		E76F57791BB5C18600FE5EFB = {
			isa = PBXGroup;
			children = (
				F290788F1D8B7D0F00E6DD71 /* TestSwifty_iOS */,
				E76F57831BB5C18600FE5EFB /* Products */,
				F2444B703F600656DC6CD408 /* Frameworks */,
				B9A173DC8457FFCE8989A392 /* Pods */,
			);
			sourceTree = "<group>";
		};
		E76F57831BB5C18600FE5EFB /* Products */ = {
			isa = PBXGroup;
			children = (
				E76F57821BB5C18600FE5EFB /* TestSwifty_iOS.app */,
			);
			name = Products;
			sourceTree = "<group>";
		};
		F2444B703F600656DC6CD408 /* Frameworks */ = {
			isa = PBXGroup;
			children = (
				7E017741F2C531C3E0C021A0 /* Pods.framework */,
				D57DAB1037FD86C9CF8DD542 /* Pods_TestSwifty_iOS.framework */,
			);
			name = Frameworks;
			sourceTree = "<group>";
		};
		F290788F1D8B7D0F00E6DD71 /* TestSwifty_iOS */ = {
			isa = PBXGroup;
			children = (
				F29078A21D8B7EA500E6DD71 /* TestSwifty_iOS.entitlements */,
				F29078901D8B7D0F00E6DD71 /* AppDelegate.swift */,
				F29078991D8B7D0F00E6DD71 /* ViewController.swift */,
				F29078971D8B7D0F00E6DD71 /* TestData.swift */,
				F29078961D8B7D0F00E6DD71 /* TestClasses.swift */,
				F29078951D8B7D0F00E6DD71 /* Main.storyboard */,
				F29078921D8B7D0F00E6DD71 /* LaunchScreen.storyboard */,
				F29078911D8B7D0F00E6DD71 /* Assets.xcassets */,
				F29078A51D8B7FFC00E6DD71 /* Info.plist */,
			);
			path = TestSwifty_iOS;
			sourceTree = "<group>";
		};
/* End PBXGroup section */

/* Begin PBXNativeTarget section */
		E76F57811BB5C18600FE5EFB /* TestSwifty_iOS */ = {
			isa = PBXNativeTarget;
			buildConfigurationList = E76F57AA1BB5C18700FE5EFB /* Build configuration list for PBXNativeTarget "TestSwifty_iOS" */;
			buildPhases = (
				AA42C7523896CF632B6E69AC /* [CP] Check Pods Manifest.lock */,
				E76F577E1BB5C18600FE5EFB /* Sources */,
				E76F577F1BB5C18600FE5EFB /* Frameworks */,
				E76F57801BB5C18600FE5EFB /* Resources */,
				6C0B9302BFAB30378D49BFF7 /* [CP] Embed Pods Frameworks */,
				C792CDEB4872A626AA0AE8CB /* [CP] Copy Pods Resources */,
			);
			buildRules = (
			);
			dependencies = (
			);
			name = TestSwifty_iOS;
			productName = TestSwifty_iOS;
			productReference = E76F57821BB5C18600FE5EFB /* TestSwifty_iOS.app */;
			productType = "com.apple.product-type.application";
		};
/* End PBXNativeTarget section */

/* Begin PBXProject section */
		E76F577A1BB5C18600FE5EFB /* Project object */ = {
			isa = PBXProject;
			attributes = {
				LastSwiftMigration = 0730;
				LastUpgradeCheck = 0800;
				ORGANIZATIONNAME = Dropbox;
				TargetAttributes = {
					E76F57811BB5C18600FE5EFB = {
						CreatedOnToolsVersion = 7.0;
						DevelopmentTeam = NX6T6UBSFF;
						LastSwiftMigration = 0800;
						SystemCapabilities = {
							com.apple.Keychain = {
								enabled = 1;
							};
						};
					};
				};
			};
			buildConfigurationList = E76F577D1BB5C18600FE5EFB /* Build configuration list for PBXProject "TestSwifty_iOS" */;
			compatibilityVersion = "Xcode 3.2";
			developmentRegion = English;
			hasScannedForEncodings = 0;
			knownRegions = (
				en,
				Base,
			);
			mainGroup = E76F57791BB5C18600FE5EFB;
			productRefGroup = E76F57831BB5C18600FE5EFB /* Products */;
			projectDirPath = "";
			projectRoot = "";
			targets = (
				E76F57811BB5C18600FE5EFB /* TestSwifty_iOS */,
			);
		};
/* End PBXProject section */

/* Begin PBXResourcesBuildPhase section */
		E76F57801BB5C18600FE5EFB /* Resources */ = {
			isa = PBXResourcesBuildPhase;
			buildActionMask = 2147483647;
			files = (
				F290789B1D8B7D0F00E6DD71 /* Assets.xcassets in Resources */,
				F290789C1D8B7D0F00E6DD71 /* LaunchScreen.storyboard in Resources */,
				F290789E1D8B7D0F00E6DD71 /* Main.storyboard in Resources */,
			);
			runOnlyForDeploymentPostprocessing = 0;
		};
/* End PBXResourcesBuildPhase section */

/* Begin PBXShellScriptBuildPhase section */
		6C0B9302BFAB30378D49BFF7 /* [CP] Embed Pods Frameworks */ = {
			isa = PBXShellScriptBuildPhase;
			buildActionMask = 2147483647;
			files = (
			);
			inputPaths = (
			);
			name = "[CP] Embed Pods Frameworks";
			outputPaths = (
			);
			runOnlyForDeploymentPostprocessing = 0;
			shellPath = /bin/sh;
			shellScript = "\"${SRCROOT}/Pods/Target Support Files/Pods-TestSwifty_iOS/Pods-TestSwifty_iOS-frameworks.sh\"\n";
			showEnvVarsInLog = 0;
		};
		AA42C7523896CF632B6E69AC /* [CP] Check Pods Manifest.lock */ = {
			isa = PBXShellScriptBuildPhase;
			buildActionMask = 2147483647;
			files = (
			);
			inputPaths = (
			);
			name = "[CP] Check Pods Manifest.lock";
			outputPaths = (
			);
			runOnlyForDeploymentPostprocessing = 0;
			shellPath = /bin/sh;
			shellScript = "diff \"${PODS_ROOT}/../Podfile.lock\" \"${PODS_ROOT}/Manifest.lock\" > /dev/null\nif [ $? != 0 ] ; then\n    # print error to STDERR\n    echo \"error: The sandbox is not in sync with the Podfile.lock. Run 'pod install' or update your CocoaPods installation.\" >&2\n    exit 1\nfi\n";
			showEnvVarsInLog = 0;
		};
		C792CDEB4872A626AA0AE8CB /* [CP] Copy Pods Resources */ = {
			isa = PBXShellScriptBuildPhase;
			buildActionMask = 2147483647;
			files = (
			);
			inputPaths = (
			);
			name = "[CP] Copy Pods Resources";
			outputPaths = (
			);
			runOnlyForDeploymentPostprocessing = 0;
			shellPath = /bin/sh;
			shellScript = "\"${SRCROOT}/Pods/Target Support Files/Pods-TestSwifty_iOS/Pods-TestSwifty_iOS-resources.sh\"\n";
			showEnvVarsInLog = 0;
		};
/* End PBXShellScriptBuildPhase section */

/* Begin PBXSourcesBuildPhase section */
		E76F577E1BB5C18600FE5EFB /* Sources */ = {
			isa = PBXSourcesBuildPhase;
			buildActionMask = 2147483647;
			files = (
				F29078A01D8B7D0F00E6DD71 /* TestData.swift in Sources */,
				F290789F1D8B7D0F00E6DD71 /* TestClasses.swift in Sources */,
				F29078A11D8B7D0F00E6DD71 /* ViewController.swift in Sources */,
				F290789A1D8B7D0F00E6DD71 /* AppDelegate.swift in Sources */,
			);
			runOnlyForDeploymentPostprocessing = 0;
		};
/* End PBXSourcesBuildPhase section */

/* Begin PBXVariantGroup section */
		F29078921D8B7D0F00E6DD71 /* LaunchScreen.storyboard */ = {
			isa = PBXVariantGroup;
			children = (
				F29078931D8B7D0F00E6DD71 /* Base */,
			);
			name = LaunchScreen.storyboard;
			sourceTree = "<group>";
		};
/* End PBXVariantGroup section */

/* Begin XCBuildConfiguration section */
		E76F57A81BB5C18700FE5EFB /* Debug */ = {
			isa = XCBuildConfiguration;
			buildSettings = {
				ALWAYS_EMBED_SWIFT_STANDARD_LIBRARIES = "$(inherited)";
				ALWAYS_SEARCH_USER_PATHS = NO;
				CLANG_CXX_LANGUAGE_STANDARD = "gnu++0x";
				CLANG_CXX_LIBRARY = "libc++";
				CLANG_ENABLE_MODULES = YES;
				CLANG_ENABLE_OBJC_ARC = YES;
				CLANG_WARN_BOOL_CONVERSION = YES;
				CLANG_WARN_CONSTANT_CONVERSION = YES;
				CLANG_WARN_DIRECT_OBJC_ISA_USAGE = YES_ERROR;
				CLANG_WARN_EMPTY_BODY = YES;
				CLANG_WARN_ENUM_CONVERSION = YES;
				CLANG_WARN_INFINITE_RECURSION = YES;
				CLANG_WARN_INT_CONVERSION = YES;
				CLANG_WARN_OBJC_ROOT_CLASS = YES_ERROR;
				CLANG_WARN_SUSPICIOUS_MOVE = YES;
				CLANG_WARN_UNREACHABLE_CODE = YES;
				CLANG_WARN__DUPLICATE_METHOD_MATCH = YES;
				"CODE_SIGN_IDENTITY[sdk=iphoneos*]" = "iPhone Developer";
				COPY_PHASE_STRIP = NO;
				DEBUG_INFORMATION_FORMAT = dwarf;
				ENABLE_STRICT_OBJC_MSGSEND = YES;
				ENABLE_TESTABILITY = YES;
				GCC_C_LANGUAGE_STANDARD = gnu99;
				GCC_DYNAMIC_NO_PIC = NO;
				GCC_NO_COMMON_BLOCKS = YES;
				GCC_OPTIMIZATION_LEVEL = 0;
				GCC_PREPROCESSOR_DEFINITIONS = (
					"DEBUG=1",
					"$(inherited)",
				);
				GCC_WARN_64_TO_32_BIT_CONVERSION = YES;
				GCC_WARN_ABOUT_RETURN_TYPE = YES_ERROR;
				GCC_WARN_UNDECLARED_SELECTOR = YES;
				GCC_WARN_UNINITIALIZED_AUTOS = YES_AGGRESSIVE;
				GCC_WARN_UNUSED_FUNCTION = YES;
				GCC_WARN_UNUSED_VARIABLE = YES;
				IPHONEOS_DEPLOYMENT_TARGET = 9.0;
				MTL_ENABLE_DEBUG_INFO = YES;
				ONLY_ACTIVE_ARCH = YES;
				SDKROOT = iphoneos;
				SWIFT_OPTIMIZATION_LEVEL = "-Onone";
				TARGETED_DEVICE_FAMILY = "1,2";
			};
			name = Debug;
		};
		E76F57A91BB5C18700FE5EFB /* Release */ = {
			isa = XCBuildConfiguration;
			buildSettings = {
				ALWAYS_EMBED_SWIFT_STANDARD_LIBRARIES = "$(inherited)";
				ALWAYS_SEARCH_USER_PATHS = NO;
				CLANG_CXX_LANGUAGE_STANDARD = "gnu++0x";
				CLANG_CXX_LIBRARY = "libc++";
				CLANG_ENABLE_MODULES = YES;
				CLANG_ENABLE_OBJC_ARC = YES;
				CLANG_WARN_BOOL_CONVERSION = YES;
				CLANG_WARN_CONSTANT_CONVERSION = YES;
				CLANG_WARN_DIRECT_OBJC_ISA_USAGE = YES_ERROR;
				CLANG_WARN_EMPTY_BODY = YES;
				CLANG_WARN_ENUM_CONVERSION = YES;
				CLANG_WARN_INFINITE_RECURSION = YES;
				CLANG_WARN_INT_CONVERSION = YES;
				CLANG_WARN_OBJC_ROOT_CLASS = YES_ERROR;
				CLANG_WARN_SUSPICIOUS_MOVE = YES;
				CLANG_WARN_UNREACHABLE_CODE = YES;
				CLANG_WARN__DUPLICATE_METHOD_MATCH = YES;
				"CODE_SIGN_IDENTITY[sdk=iphoneos*]" = "iPhone Developer";
				COPY_PHASE_STRIP = NO;
				DEBUG_INFORMATION_FORMAT = "dwarf-with-dsym";
				ENABLE_NS_ASSERTIONS = NO;
				ENABLE_STRICT_OBJC_MSGSEND = YES;
				GCC_C_LANGUAGE_STANDARD = gnu99;
				GCC_NO_COMMON_BLOCKS = YES;
				GCC_WARN_64_TO_32_BIT_CONVERSION = YES;
				GCC_WARN_ABOUT_RETURN_TYPE = YES_ERROR;
				GCC_WARN_UNDECLARED_SELECTOR = YES;
				GCC_WARN_UNINITIALIZED_AUTOS = YES_AGGRESSIVE;
				GCC_WARN_UNUSED_FUNCTION = YES;
				GCC_WARN_UNUSED_VARIABLE = YES;
				IPHONEOS_DEPLOYMENT_TARGET = 9.0;
				MTL_ENABLE_DEBUG_INFO = NO;
				SDKROOT = iphoneos;
				SWIFT_OPTIMIZATION_LEVEL = "-Owholemodule";
				TARGETED_DEVICE_FAMILY = "1,2";
				VALIDATE_PRODUCT = YES;
			};
			name = Release;
		};
		E76F57AB1BB5C18700FE5EFB /* Debug */ = {
			isa = XCBuildConfiguration;
			baseConfigurationReference = 92FA69228E94300945766BA5 /* Pods-TestSwifty_iOS.debug.xcconfig */;
			buildSettings = {
				ALWAYS_EMBED_SWIFT_STANDARD_LIBRARIES = YES;
				ASSETCATALOG_COMPILER_APPICON_NAME = AppIcon;
				CODE_SIGN_ENTITLEMENTS = TestSwifty_iOS/TestSwifty_iOS.entitlements;
				CODE_SIGN_IDENTITY = "iPhone Developer";
				DEVELOPMENT_TEAM = NX6T6UBSFF;
				INFOPLIST_FILE = TestSwifty_iOS/Info.plist;
				LD_RUNPATH_SEARCH_PATHS = "$(inherited) @executable_path/Frameworks";
				PRODUCT_BUNDLE_IDENTIFIER = "com.dropbox.TestSwiftyDropbox-iOS";
				PRODUCT_NAME = "$(TARGET_NAME)";
				SWIFT_VERSION = 3.0;
			};
			name = Debug;
		};
		E76F57AC1BB5C18700FE5EFB /* Release */ = {
			isa = XCBuildConfiguration;
			baseConfigurationReference = CC264605991387B8BEE7C8C5 /* Pods-TestSwifty_iOS.release.xcconfig */;
			buildSettings = {
				ALWAYS_EMBED_SWIFT_STANDARD_LIBRARIES = YES;
				ASSETCATALOG_COMPILER_APPICON_NAME = AppIcon;
				CODE_SIGN_ENTITLEMENTS = TestSwifty_iOS/TestSwifty_iOS.entitlements;
				CODE_SIGN_IDENTITY = "iPhone Developer";
				DEVELOPMENT_TEAM = NX6T6UBSFF;
				INFOPLIST_FILE = TestSwifty_iOS/Info.plist;
				LD_RUNPATH_SEARCH_PATHS = "$(inherited) @executable_path/Frameworks";
				PRODUCT_BUNDLE_IDENTIFIER = "com.dropbox.TestSwiftyDropbox-iOS";
				PRODUCT_NAME = "$(TARGET_NAME)";
				SWIFT_VERSION = 3.0;
			};
			name = Release;
		};
/* End XCBuildConfiguration section */

/* Begin XCConfigurationList section */
		E76F577D1BB5C18600FE5EFB /* Build configuration list for PBXProject "TestSwifty_iOS" */ = {
			isa = XCConfigurationList;
			buildConfigurations = (
				E76F57A81BB5C18700FE5EFB /* Debug */,
				E76F57A91BB5C18700FE5EFB /* Release */,
			);
			defaultConfigurationIsVisible = 0;
			defaultConfigurationName = Release;
		};
		E76F57AA1BB5C18700FE5EFB /* Build configuration list for PBXNativeTarget "TestSwifty_iOS" */ = {
			isa = XCConfigurationList;
			buildConfigurations = (
				E76F57AB1BB5C18700FE5EFB /* Debug */,
				E76F57AC1BB5C18700FE5EFB /* Release */,
			);
			defaultConfigurationIsVisible = 0;
			defaultConfigurationName = Release;
		};
/* End XCConfigurationList section */
	};
	rootObject = E76F577A1BB5C18600FE5EFB /* Project object */;
}
