PODS:
  - Alamofire (3.5.0)
  - SwiftyDropbox (3.2.0):
    - Alamofire (~> 3.5.0)

DEPENDENCIES:
  - SwiftyDropbox (from `../`)

EXTERNAL SOURCES:
  SwiftyDropbox:
    :path: "../"

SPEC CHECKSUMS:
  Alamofire: b70a7352335f8ea5babd0a923eb7e8eacc67b877
  SwiftyDropbox: 8cf345e82c4160a6ca5a30376689af8a4681fc8a

PODFILE CHECKSUM: 412b631408ae6db2057da6dc97fee8c01cda6ae9

COCOAPODS: 1.1.0.rc.1
