PODS:
  - Alamofire (3.3.1)
  - SwiftyDropbox (3.2.0):
    - Alamofire (~> 3.3.1)

DEPENDENCIES:
  - SwiftyDropbox (from `../`)

EXTERNAL SOURCES:
  SwiftyDropbox:
    :path: "../"

SPEC CHECKSUMS:
  Alamofire: 369bc67b6f5ac33ded3648d7bd21c5bfb91c2ecc
  SwiftyDropbox: fba9da0b1b72ae51edfeb1ee2a13aaef852ea6d7

PODFILE CHECKSUM: bf7b94a7c631267bee8c82615a3be1d9f7a12b2b

COCOAPODS: 1.0.1
