PODS:
  - Alamofire (4.3.0)
  - SwiftyDropbox (4.1.1):
    - Alamofire (~> 4.3.0)

DEPENDENCIES:
  - SwiftyDropbox (from `../`)

EXTERNAL SOURCES:
  SwiftyDropbox:
    :path: "../"

SPEC CHECKSUMS:
  Alamofire: 856a113053a7bc9cbe5d6367a555d773fc5cfef7
  SwiftyDropbox: 8482fab3849b5d955286626eb942e69de35e3d74

PODFILE CHECKSUM: cc57984b506fe203ef20e31074601ff0a8af346e

COCOAPODS: 1.1.1
