PODS:
  - Alamofire (4.0.0)
  - SwiftyDropbox (4.0.3):
    - Alamofire (~> 4.0.0)

DEPENDENCIES:
  - SwiftyDropbox (from `../`)

EXTERNAL SOURCES:
  SwiftyDropbox:
    :path: "../"

SPEC CHECKSUMS:
  Alamofire: fef59f00388f267e52d9b432aa5d93dc97190f14
  SwiftyDropbox: e29a9bf6be10999abd53ed925894e649ad6487a6

PODFILE CHECKSUM: cc57984b506fe203ef20e31074601ff0a8af346e

COCOAPODS: 1.1.0.rc.2
