PODS:
  - Alamofire (4.0.1)
  - SwiftyDropbox (4.1.0):
    - Alamofire (~> 4.0.0)

DEPENDENCIES:
  - SwiftyDropbox (from `../`)

EXTERNAL SOURCES:
  SwiftyDropbox:
    :path: "../"

SPEC CHECKSUMS:
  Alamofire: 7682d43245de14874acd142ec137b144aa1dd335
  SwiftyDropbox: '0893e21982678ed69237c7c964a00c7a6f7079bb'

PODFILE CHECKSUM: cc57984b506fe203ef20e31074601ff0a8af346e

COCOAPODS: 1.1.0.rc.2
