// !$*UTF8*$!
{
	archiveVersion = 1;
	classes = {
	};
	objectVersion = 46;
	objects = {

/* Begin PBXBuildFile section */
		F2478F201ECCD0B300BAF014 /* Custom.swift in Sources */ = {isa = PBXBuildFile; fileRef = F2478EE21ECCD0B300BAF014 /* Custom.swift */; };
		F2478F211ECCD0B300BAF014 /* Custom.swift in Sources */ = {isa = PBXBuildFile; fileRef = F2478EE21ECCD0B300BAF014 /* Custom.swift */; };
		F2478F221ECCD0B300BAF014 /* CustomRoutes.swift in Sources */ = {isa = PBXBuildFile; fileRef = F2478EE31ECCD0B300BAF014 /* CustomRoutes.swift */; };
		F2478F231ECCD0B300BAF014 /* CustomRoutes.swift in Sources */ = {isa = PBXBuildFile; fileRef = F2478EE31ECCD0B300BAF014 /* CustomRoutes.swift */; };
		F2478F241ECCD0B300BAF014 /* CustomTasks.swift in Sources */ = {isa = PBXBuildFile; fileRef = F2478EE41ECCD0B300BAF014 /* CustomTasks.swift */; };
		F2478F251ECCD0B300BAF014 /* CustomTasks.swift in Sources */ = {isa = PBXBuildFile; fileRef = F2478EE41ECCD0B300BAF014 /* CustomTasks.swift */; };
		F2478F261ECCD0B300BAF014 /* DBChunkInputStream.h in Headers */ = {isa = PBXBuildFile; fileRef = F2478EE51ECCD0B300BAF014 /* DBChunkInputStream.h */; settings = {ATTRIBUTES = (Public, ); }; };
		F2478F271ECCD0B300BAF014 /* DBChunkInputStream.h in Headers */ = {isa = PBXBuildFile; fileRef = F2478EE51ECCD0B300BAF014 /* DBChunkInputStream.h */; settings = {ATTRIBUTES = (Public, ); }; };
		F2478F281ECCD0B300BAF014 /* DBChunkInputStream.m in Sources */ = {isa = PBXBuildFile; fileRef = F2478EE61ECCD0B300BAF014 /* DBChunkInputStream.m */; };
		F2478F291ECCD0B300BAF014 /* DBChunkInputStream.m in Sources */ = {isa = PBXBuildFile; fileRef = F2478EE61ECCD0B300BAF014 /* DBChunkInputStream.m */; };
		F2478F2A1ECCD0B300BAF014 /* DropboxClient.swift in Sources */ = {isa = PBXBuildFile; fileRef = F2478EE71ECCD0B300BAF014 /* DropboxClient.swift */; };
		F2478F2B1ECCD0B300BAF014 /* DropboxClient.swift in Sources */ = {isa = PBXBuildFile; fileRef = F2478EE71ECCD0B300BAF014 /* DropboxClient.swift */; };
		F2478F2C1ECCD0B300BAF014 /* DropboxClientsManager.swift in Sources */ = {isa = PBXBuildFile; fileRef = F2478EE81ECCD0B300BAF014 /* DropboxClientsManager.swift */; };
		F2478F2D1ECCD0B300BAF014 /* DropboxClientsManager.swift in Sources */ = {isa = PBXBuildFile; fileRef = F2478EE81ECCD0B300BAF014 /* DropboxClientsManager.swift */; };
		F2478F2E1ECCD0B300BAF014 /* DropboxTeamClient.swift in Sources */ = {isa = PBXBuildFile; fileRef = F2478EE91ECCD0B300BAF014 /* DropboxTeamClient.swift */; };
		F2478F2F1ECCD0B300BAF014 /* DropboxTeamClient.swift in Sources */ = {isa = PBXBuildFile; fileRef = F2478EE91ECCD0B300BAF014 /* DropboxTeamClient.swift */; };
		F2478F301ECCD0B300BAF014 /* DropboxTransportClient.swift in Sources */ = {isa = PBXBuildFile; fileRef = F2478EEA1ECCD0B300BAF014 /* DropboxTransportClient.swift */; };
		F2478F311ECCD0B300BAF014 /* DropboxTransportClient.swift in Sources */ = {isa = PBXBuildFile; fileRef = F2478EEA1ECCD0B300BAF014 /* DropboxTransportClient.swift */; };
		F2478F321ECCD0B300BAF014 /* OAuth.swift in Sources */ = {isa = PBXBuildFile; fileRef = F2478EEB1ECCD0B300BAF014 /* OAuth.swift */; };
		F2478F331ECCD0B300BAF014 /* OAuth.swift in Sources */ = {isa = PBXBuildFile; fileRef = F2478EEB1ECCD0B300BAF014 /* OAuth.swift */; };
		F2478F341ECCD0B300BAF014 /* SwiftyDropbox.h in Headers */ = {isa = PBXBuildFile; fileRef = F2478EEC1ECCD0B300BAF014 /* SwiftyDropbox.h */; settings = {ATTRIBUTES = (Public, ); }; };
		F2478F351ECCD0B300BAF014 /* SwiftyDropbox.h in Headers */ = {isa = PBXBuildFile; fileRef = F2478EEC1ECCD0B300BAF014 /* SwiftyDropbox.h */; settings = {ATTRIBUTES = (Public, ); }; };
		F2478F361ECCD0B300BAF014 /* TransportConfig.swift in Sources */ = {isa = PBXBuildFile; fileRef = F2478EED1ECCD0B300BAF014 /* TransportConfig.swift */; };
		F2478F371ECCD0B400BAF014 /* TransportConfig.swift in Sources */ = {isa = PBXBuildFile; fileRef = F2478EED1ECCD0B300BAF014 /* TransportConfig.swift */; };
		F2478F391ECCD2FF00BAF014 /* SDKConstants.swift in Sources */ = {isa = PBXBuildFile; fileRef = F2478F381ECCD2FF00BAF014 /* SDKConstants.swift */; };
		F2478F3A1ECCD2FF00BAF014 /* SDKConstants.swift in Sources */ = {isa = PBXBuildFile; fileRef = F2478F381ECCD2FF00BAF014 /* SDKConstants.swift */; };
		F265BD0B1E68072500CC38C8 /* OAuthMobile.swift in Sources */ = {isa = PBXBuildFile; fileRef = F265BD091E68072500CC38C8 /* OAuthMobile.swift */; };
		F265BD101E68073A00CC38C8 /* OAuthDesktop.swift in Sources */ = {isa = PBXBuildFile; fileRef = F265BD0E1E68073A00CC38C8 /* OAuthDesktop.swift */; };
		F29F653E1F710C5C00C71400 /* Async.swift in Sources */ = {isa = PBXBuildFile; fileRef = F29F65221F710C5800C71400 /* Async.swift */; };
		F29F653F1F710C5D00C71400 /* Async.swift in Sources */ = {isa = PBXBuildFile; fileRef = F29F65221F710C5800C71400 /* Async.swift */; };
		F29F65401F710C5F00C71400 /* Auth.swift in Sources */ = {isa = PBXBuildFile; fileRef = F29F65231F710C5800C71400 /* Auth.swift */; };
		F29F65411F710C5F00C71400 /* Auth.swift in Sources */ = {isa = PBXBuildFile; fileRef = F29F65231F710C5800C71400 /* Auth.swift */; };
		F29F65421F710C6200C71400 /* AuthRoutes.swift in Sources */ = {isa = PBXBuildFile; fileRef = F29F65241F710C5800C71400 /* AuthRoutes.swift */; };
		F29F65431F710C6200C71400 /* AuthRoutes.swift in Sources */ = {isa = PBXBuildFile; fileRef = F29F65241F710C5800C71400 /* AuthRoutes.swift */; };
		F29F65441F710C6700C71400 /* Base.swift in Sources */ = {isa = PBXBuildFile; fileRef = F29F65251F710C5800C71400 /* Base.swift */; };
		F29F65451F710C6700C71400 /* BaseTeam.swift in Sources */ = {isa = PBXBuildFile; fileRef = F29F65261F710C5800C71400 /* BaseTeam.swift */; };
		F29F65461F710C6700C71400 /* Common.swift in Sources */ = {isa = PBXBuildFile; fileRef = F29F65271F710C5800C71400 /* Common.swift */; };
		F29F65471F710C6700C71400 /* FileProperties.swift in Sources */ = {isa = PBXBuildFile; fileRef = F29F65281F710C5800C71400 /* FileProperties.swift */; };
		F29F65481F710C6700C71400 /* FilePropertiesRoutes.swift in Sources */ = {isa = PBXBuildFile; fileRef = F29F65291F710C5800C71400 /* FilePropertiesRoutes.swift */; };
		F29F65491F710C6700C71400 /* FileRequests.swift in Sources */ = {isa = PBXBuildFile; fileRef = F29F652A1F710C5800C71400 /* FileRequests.swift */; };
		F29F654A1F710C6700C71400 /* FileRequestsRoutes.swift in Sources */ = {isa = PBXBuildFile; fileRef = F29F652B1F710C5800C71400 /* FileRequestsRoutes.swift */; };
		F29F654B1F710C6700C71400 /* Files.swift in Sources */ = {isa = PBXBuildFile; fileRef = F29F652C1F710C5800C71400 /* Files.swift */; };
		F29F654C1F710C6700C71400 /* FilesRoutes.swift in Sources */ = {isa = PBXBuildFile; fileRef = F29F652D1F710C5800C71400 /* FilesRoutes.swift */; };
		F29F654D1F710C6700C71400 /* Paper.swift in Sources */ = {isa = PBXBuildFile; fileRef = F29F652E1F710C5800C71400 /* Paper.swift */; };
		F29F654E1F710C6700C71400 /* PaperRoutes.swift in Sources */ = {isa = PBXBuildFile; fileRef = F29F652F1F710C5800C71400 /* PaperRoutes.swift */; };
		F29F654F1F710C6700C71400 /* Sharing.swift in Sources */ = {isa = PBXBuildFile; fileRef = F29F65301F710C5800C71400 /* Sharing.swift */; };
		F29F65501F710C6700C71400 /* SharingRoutes.swift in Sources */ = {isa = PBXBuildFile; fileRef = F29F65311F710C5800C71400 /* SharingRoutes.swift */; };
		F29F65511F710C6700C71400 /* StoneBase.swift in Sources */ = {isa = PBXBuildFile; fileRef = F29F65321F710C5800C71400 /* StoneBase.swift */; };
		F29F65521F710C6700C71400 /* StoneSerializers.swift in Sources */ = {isa = PBXBuildFile; fileRef = F29F65331F710C5800C71400 /* StoneSerializers.swift */; };
		F29F65531F710C6700C71400 /* StoneValidators.swift in Sources */ = {isa = PBXBuildFile; fileRef = F29F65341F710C5800C71400 /* StoneValidators.swift */; };
		F29F65541F710C6700C71400 /* Team.swift in Sources */ = {isa = PBXBuildFile; fileRef = F29F65351F710C5800C71400 /* Team.swift */; };
		F29F65551F710C6700C71400 /* TeamCommon.swift in Sources */ = {isa = PBXBuildFile; fileRef = F29F65361F710C5800C71400 /* TeamCommon.swift */; };
		F29F65561F710C6700C71400 /* TeamLog.swift in Sources */ = {isa = PBXBuildFile; fileRef = F29F65371F710C5800C71400 /* TeamLog.swift */; };
		F29F65571F710C6700C71400 /* TeamLogRoutes.swift in Sources */ = {isa = PBXBuildFile; fileRef = F29F65381F710C5800C71400 /* TeamLogRoutes.swift */; };
		F29F65581F710C6700C71400 /* TeamPolicies.swift in Sources */ = {isa = PBXBuildFile; fileRef = F29F65391F710C5800C71400 /* TeamPolicies.swift */; };
		F29F65591F710C6700C71400 /* TeamRoutes.swift in Sources */ = {isa = PBXBuildFile; fileRef = F29F653A1F710C5800C71400 /* TeamRoutes.swift */; };
		F29F655A1F710C6700C71400 /* Users.swift in Sources */ = {isa = PBXBuildFile; fileRef = F29F653B1F710C5800C71400 /* Users.swift */; };
		F29F655B1F710C6700C71400 /* UsersCommon.swift in Sources */ = {isa = PBXBuildFile; fileRef = F29F653C1F710C5800C71400 /* UsersCommon.swift */; };
		F29F655C1F710C6700C71400 /* UsersRoutes.swift in Sources */ = {isa = PBXBuildFile; fileRef = F29F653D1F710C5800C71400 /* UsersRoutes.swift */; };
		F29F655D1F710C6700C71400 /* Base.swift in Sources */ = {isa = PBXBuildFile; fileRef = F29F65251F710C5800C71400 /* Base.swift */; };
		F29F655E1F710C6700C71400 /* BaseTeam.swift in Sources */ = {isa = PBXBuildFile; fileRef = F29F65261F710C5800C71400 /* BaseTeam.swift */; };
		F29F655F1F710C6700C71400 /* Common.swift in Sources */ = {isa = PBXBuildFile; fileRef = F29F65271F710C5800C71400 /* Common.swift */; };
		F29F65601F710C6700C71400 /* FileProperties.swift in Sources */ = {isa = PBXBuildFile; fileRef = F29F65281F710C5800C71400 /* FileProperties.swift */; };
		F29F65611F710C6700C71400 /* FilePropertiesRoutes.swift in Sources */ = {isa = PBXBuildFile; fileRef = F29F65291F710C5800C71400 /* FilePropertiesRoutes.swift */; };
		F29F65621F710C6700C71400 /* FileRequests.swift in Sources */ = {isa = PBXBuildFile; fileRef = F29F652A1F710C5800C71400 /* FileRequests.swift */; };
		F29F65631F710C6700C71400 /* FileRequestsRoutes.swift in Sources */ = {isa = PBXBuildFile; fileRef = F29F652B1F710C5800C71400 /* FileRequestsRoutes.swift */; };
		F29F65641F710C6700C71400 /* Files.swift in Sources */ = {isa = PBXBuildFile; fileRef = F29F652C1F710C5800C71400 /* Files.swift */; };
		F29F65651F710C6700C71400 /* FilesRoutes.swift in Sources */ = {isa = PBXBuildFile; fileRef = F29F652D1F710C5800C71400 /* FilesRoutes.swift */; };
		F29F65661F710C6700C71400 /* Paper.swift in Sources */ = {isa = PBXBuildFile; fileRef = F29F652E1F710C5800C71400 /* Paper.swift */; };
		F29F65671F710C6700C71400 /* PaperRoutes.swift in Sources */ = {isa = PBXBuildFile; fileRef = F29F652F1F710C5800C71400 /* PaperRoutes.swift */; };
		F29F65681F710C6700C71400 /* Sharing.swift in Sources */ = {isa = PBXBuildFile; fileRef = F29F65301F710C5800C71400 /* Sharing.swift */; };
		F29F65691F710C6700C71400 /* SharingRoutes.swift in Sources */ = {isa = PBXBuildFile; fileRef = F29F65311F710C5800C71400 /* SharingRoutes.swift */; };
		F29F656A1F710C6700C71400 /* StoneBase.swift in Sources */ = {isa = PBXBuildFile; fileRef = F29F65321F710C5800C71400 /* StoneBase.swift */; };
		F29F656B1F710C6700C71400 /* StoneSerializers.swift in Sources */ = {isa = PBXBuildFile; fileRef = F29F65331F710C5800C71400 /* StoneSerializers.swift */; };
		F29F656C1F710C6700C71400 /* StoneValidators.swift in Sources */ = {isa = PBXBuildFile; fileRef = F29F65341F710C5800C71400 /* StoneValidators.swift */; };
		F29F656D1F710C6700C71400 /* Team.swift in Sources */ = {isa = PBXBuildFile; fileRef = F29F65351F710C5800C71400 /* Team.swift */; };
		F29F656E1F710C6700C71400 /* TeamCommon.swift in Sources */ = {isa = PBXBuildFile; fileRef = F29F65361F710C5800C71400 /* TeamCommon.swift */; };
		F29F656F1F710C6700C71400 /* TeamLog.swift in Sources */ = {isa = PBXBuildFile; fileRef = F29F65371F710C5800C71400 /* TeamLog.swift */; };
		F29F65701F710C6700C71400 /* TeamLogRoutes.swift in Sources */ = {isa = PBXBuildFile; fileRef = F29F65381F710C5800C71400 /* TeamLogRoutes.swift */; };
		F29F65711F710C6700C71400 /* TeamPolicies.swift in Sources */ = {isa = PBXBuildFile; fileRef = F29F65391F710C5800C71400 /* TeamPolicies.swift */; };
		F29F65721F710C6700C71400 /* TeamRoutes.swift in Sources */ = {isa = PBXBuildFile; fileRef = F29F653A1F710C5800C71400 /* TeamRoutes.swift */; };
		F29F65731F710C6700C71400 /* Users.swift in Sources */ = {isa = PBXBuildFile; fileRef = F29F653B1F710C5800C71400 /* Users.swift */; };
		F29F65741F710C6700C71400 /* UsersCommon.swift in Sources */ = {isa = PBXBuildFile; fileRef = F29F653C1F710C5800C71400 /* UsersCommon.swift */; };
		F29F65751F710C6700C71400 /* UsersRoutes.swift in Sources */ = {isa = PBXBuildFile; fileRef = F29F653D1F710C5800C71400 /* UsersRoutes.swift */; };
		F2C54A9E1D89F6F0003A2675 /* Alamofire.framework in Frameworks */ = {isa = PBXBuildFile; fileRef = F2C54A9D1D89F6F0003A2675 /* Alamofire.framework */; };
		F2C54AA01D89F6FA003A2675 /* Alamofire.framework in Frameworks */ = {isa = PBXBuildFile; fileRef = F2C54A9F1D89F6FA003A2675 /* Alamofire.framework */; };
		F2C6FD371D89E37500E0DD9E /* Foundation.framework in Frameworks */ = {isa = PBXBuildFile; fileRef = F2C6FD361D89E37500E0DD9E /* Foundation.framework */; };
		F2C6FD391D89E37A00E0DD9E /* UIKit.framework in Frameworks */ = {isa = PBXBuildFile; fileRef = F2C6FD381D89E37A00E0DD9E /* UIKit.framework */; };
		F2C6FD3B1D89E38200E0DD9E /* AppKit.framework in Frameworks */ = {isa = PBXBuildFile; fileRef = F2C6FD3A1D89E38200E0DD9E /* AppKit.framework */; };
		F2C6FD3D1D89E38800E0DD9E /* Foundation.framework in Frameworks */ = {isa = PBXBuildFile; fileRef = F2C6FD3C1D89E38800E0DD9E /* Foundation.framework */; };
/* End PBXBuildFile section */

/* Begin PBXFileReference section */
		F2478EE21ECCD0B300BAF014 /* Custom.swift */ = {isa = PBXFileReference; fileEncoding = 4; lastKnownFileType = sourcecode.swift; path = Custom.swift; sourceTree = "<group>"; };
		F2478EE31ECCD0B300BAF014 /* CustomRoutes.swift */ = {isa = PBXFileReference; fileEncoding = 4; lastKnownFileType = sourcecode.swift; path = CustomRoutes.swift; sourceTree = "<group>"; };
		F2478EE41ECCD0B300BAF014 /* CustomTasks.swift */ = {isa = PBXFileReference; fileEncoding = 4; lastKnownFileType = sourcecode.swift; path = CustomTasks.swift; sourceTree = "<group>"; };
		F2478EE51ECCD0B300BAF014 /* DBChunkInputStream.h */ = {isa = PBXFileReference; fileEncoding = 4; lastKnownFileType = sourcecode.c.h; path = DBChunkInputStream.h; sourceTree = "<group>"; };
		F2478EE61ECCD0B300BAF014 /* DBChunkInputStream.m */ = {isa = PBXFileReference; fileEncoding = 4; lastKnownFileType = sourcecode.c.objc; path = DBChunkInputStream.m; sourceTree = "<group>"; };
		F2478EE71ECCD0B300BAF014 /* DropboxClient.swift */ = {isa = PBXFileReference; fileEncoding = 4; lastKnownFileType = sourcecode.swift; path = DropboxClient.swift; sourceTree = "<group>"; };
		F2478EE81ECCD0B300BAF014 /* DropboxClientsManager.swift */ = {isa = PBXFileReference; fileEncoding = 4; lastKnownFileType = sourcecode.swift; path = DropboxClientsManager.swift; sourceTree = "<group>"; };
		F2478EE91ECCD0B300BAF014 /* DropboxTeamClient.swift */ = {isa = PBXFileReference; fileEncoding = 4; lastKnownFileType = sourcecode.swift; path = DropboxTeamClient.swift; sourceTree = "<group>"; };
		F2478EEA1ECCD0B300BAF014 /* DropboxTransportClient.swift */ = {isa = PBXFileReference; fileEncoding = 4; lastKnownFileType = sourcecode.swift; path = DropboxTransportClient.swift; sourceTree = "<group>"; };
		F2478EEB1ECCD0B300BAF014 /* OAuth.swift */ = {isa = PBXFileReference; fileEncoding = 4; lastKnownFileType = sourcecode.swift; path = OAuth.swift; sourceTree = "<group>"; };
		F2478EEC1ECCD0B300BAF014 /* SwiftyDropbox.h */ = {isa = PBXFileReference; fileEncoding = 4; lastKnownFileType = sourcecode.c.h; path = SwiftyDropbox.h; sourceTree = "<group>"; };
		F2478EED1ECCD0B300BAF014 /* TransportConfig.swift */ = {isa = PBXFileReference; fileEncoding = 4; lastKnownFileType = sourcecode.swift; path = TransportConfig.swift; sourceTree = "<group>"; };
		F2478F381ECCD2FF00BAF014 /* SDKConstants.swift */ = {isa = PBXFileReference; fileEncoding = 4; lastKnownFileType = sourcecode.swift; path = SDKConstants.swift; sourceTree = "<group>"; };
		F265BD081E68072500CC38C8 /* Info.plist */ = {isa = PBXFileReference; fileEncoding = 4; lastKnownFileType = text.plist.xml; path = Info.plist; sourceTree = "<group>"; };
		F265BD091E68072500CC38C8 /* OAuthMobile.swift */ = {isa = PBXFileReference; fileEncoding = 4; lastKnownFileType = sourcecode.swift; path = OAuthMobile.swift; sourceTree = "<group>"; };
		F265BD0D1E68073A00CC38C8 /* Info.plist */ = {isa = PBXFileReference; fileEncoding = 4; lastKnownFileType = text.plist.xml; path = Info.plist; sourceTree = "<group>"; };
		F265BD0E1E68073A00CC38C8 /* OAuthDesktop.swift */ = {isa = PBXFileReference; fileEncoding = 4; lastKnownFileType = sourcecode.swift; path = OAuthDesktop.swift; sourceTree = "<group>"; };
		F29F65221F710C5800C71400 /* Async.swift */ = {isa = PBXFileReference; lastKnownFileType = sourcecode.swift; path = Async.swift; sourceTree = "<group>"; };
		F29F65231F710C5800C71400 /* Auth.swift */ = {isa = PBXFileReference; lastKnownFileType = sourcecode.swift; path = Auth.swift; sourceTree = "<group>"; };
		F29F65241F710C5800C71400 /* AuthRoutes.swift */ = {isa = PBXFileReference; lastKnownFileType = sourcecode.swift; path = AuthRoutes.swift; sourceTree = "<group>"; };
		F29F65251F710C5800C71400 /* Base.swift */ = {isa = PBXFileReference; lastKnownFileType = sourcecode.swift; path = Base.swift; sourceTree = "<group>"; };
		F29F65261F710C5800C71400 /* BaseTeam.swift */ = {isa = PBXFileReference; lastKnownFileType = sourcecode.swift; path = BaseTeam.swift; sourceTree = "<group>"; };
		F29F65271F710C5800C71400 /* Common.swift */ = {isa = PBXFileReference; lastKnownFileType = sourcecode.swift; path = Common.swift; sourceTree = "<group>"; };
		F29F65281F710C5800C71400 /* FileProperties.swift */ = {isa = PBXFileReference; lastKnownFileType = sourcecode.swift; path = FileProperties.swift; sourceTree = "<group>"; };
		F29F65291F710C5800C71400 /* FilePropertiesRoutes.swift */ = {isa = PBXFileReference; lastKnownFileType = sourcecode.swift; path = FilePropertiesRoutes.swift; sourceTree = "<group>"; };
		F29F652A1F710C5800C71400 /* FileRequests.swift */ = {isa = PBXFileReference; lastKnownFileType = sourcecode.swift; path = FileRequests.swift; sourceTree = "<group>"; };
		F29F652B1F710C5800C71400 /* FileRequestsRoutes.swift */ = {isa = PBXFileReference; lastKnownFileType = sourcecode.swift; path = FileRequestsRoutes.swift; sourceTree = "<group>"; };
		F29F652C1F710C5800C71400 /* Files.swift */ = {isa = PBXFileReference; lastKnownFileType = sourcecode.swift; path = Files.swift; sourceTree = "<group>"; };
		F29F652D1F710C5800C71400 /* FilesRoutes.swift */ = {isa = PBXFileReference; lastKnownFileType = sourcecode.swift; path = FilesRoutes.swift; sourceTree = "<group>"; };
		F29F652E1F710C5800C71400 /* Paper.swift */ = {isa = PBXFileReference; lastKnownFileType = sourcecode.swift; path = Paper.swift; sourceTree = "<group>"; };
		F29F652F1F710C5800C71400 /* PaperRoutes.swift */ = {isa = PBXFileReference; lastKnownFileType = sourcecode.swift; path = PaperRoutes.swift; sourceTree = "<group>"; };
		F29F65301F710C5800C71400 /* Sharing.swift */ = {isa = PBXFileReference; lastKnownFileType = sourcecode.swift; path = Sharing.swift; sourceTree = "<group>"; };
		F29F65311F710C5800C71400 /* SharingRoutes.swift */ = {isa = PBXFileReference; lastKnownFileType = sourcecode.swift; path = SharingRoutes.swift; sourceTree = "<group>"; };
		F29F65321F710C5800C71400 /* StoneBase.swift */ = {isa = PBXFileReference; lastKnownFileType = sourcecode.swift; path = StoneBase.swift; sourceTree = "<group>"; };
		F29F65331F710C5800C71400 /* StoneSerializers.swift */ = {isa = PBXFileReference; lastKnownFileType = sourcecode.swift; path = StoneSerializers.swift; sourceTree = "<group>"; };
		F29F65341F710C5800C71400 /* StoneValidators.swift */ = {isa = PBXFileReference; lastKnownFileType = sourcecode.swift; path = StoneValidators.swift; sourceTree = "<group>"; };
		F29F65351F710C5800C71400 /* Team.swift */ = {isa = PBXFileReference; lastKnownFileType = sourcecode.swift; path = Team.swift; sourceTree = "<group>"; };
		F29F65361F710C5800C71400 /* TeamCommon.swift */ = {isa = PBXFileReference; lastKnownFileType = sourcecode.swift; path = TeamCommon.swift; sourceTree = "<group>"; };
		F29F65371F710C5800C71400 /* TeamLog.swift */ = {isa = PBXFileReference; lastKnownFileType = sourcecode.swift; path = TeamLog.swift; sourceTree = "<group>"; };
		F29F65381F710C5800C71400 /* TeamLogRoutes.swift */ = {isa = PBXFileReference; lastKnownFileType = sourcecode.swift; path = TeamLogRoutes.swift; sourceTree = "<group>"; };
		F29F65391F710C5800C71400 /* TeamPolicies.swift */ = {isa = PBXFileReference; lastKnownFileType = sourcecode.swift; path = TeamPolicies.swift; sourceTree = "<group>"; };
		F29F653A1F710C5800C71400 /* TeamRoutes.swift */ = {isa = PBXFileReference; lastKnownFileType = sourcecode.swift; path = TeamRoutes.swift; sourceTree = "<group>"; };
		F29F653B1F710C5800C71400 /* Users.swift */ = {isa = PBXFileReference; lastKnownFileType = sourcecode.swift; path = Users.swift; sourceTree = "<group>"; };
		F29F653C1F710C5800C71400 /* UsersCommon.swift */ = {isa = PBXFileReference; lastKnownFileType = sourcecode.swift; path = UsersCommon.swift; sourceTree = "<group>"; };
		F29F653D1F710C5800C71400 /* UsersRoutes.swift */ = {isa = PBXFileReference; lastKnownFileType = sourcecode.swift; path = UsersRoutes.swift; sourceTree = "<group>"; };
		F2C54A9D1D89F6F0003A2675 /* Alamofire.framework */ = {isa = PBXFileReference; lastKnownFileType = wrapper.framework; name = Alamofire.framework; path = ../../Carthage/Build/iOS/Alamofire.framework; sourceTree = "<group>"; };
		F2C54A9F1D89F6FA003A2675 /* Alamofire.framework */ = {isa = PBXFileReference; lastKnownFileType = wrapper.framework; name = Alamofire.framework; path = ../../Carthage/Build/Mac/Alamofire.framework; sourceTree = "<group>"; };
		F2C6FCC51D89E16800E0DD9E /* SwiftyDropbox.framework */ = {isa = PBXFileReference; explicitFileType = wrapper.framework; includeInIndex = 0; path = SwiftyDropbox.framework; sourceTree = BUILT_PRODUCTS_DIR; };
		F2C6FCD51D89E1A900E0DD9E /* SwiftyDropbox.framework */ = {isa = PBXFileReference; explicitFileType = wrapper.framework; includeInIndex = 0; path = SwiftyDropbox.framework; sourceTree = BUILT_PRODUCTS_DIR; };
		F2C6FD361D89E37500E0DD9E /* Foundation.framework */ = {isa = PBXFileReference; lastKnownFileType = wrapper.framework; name = Foundation.framework; path = System/Library/Frameworks/Foundation.framework; sourceTree = SDKROOT; };
		F2C6FD381D89E37A00E0DD9E /* UIKit.framework */ = {isa = PBXFileReference; lastKnownFileType = wrapper.framework; name = UIKit.framework; path = System/Library/Frameworks/UIKit.framework; sourceTree = SDKROOT; };
		F2C6FD3A1D89E38200E0DD9E /* AppKit.framework */ = {isa = PBXFileReference; lastKnownFileType = wrapper.framework; name = AppKit.framework; path = Platforms/MacOSX.platform/Developer/SDKs/MacOSX10.12.sdk/System/Library/Frameworks/AppKit.framework; sourceTree = DEVELOPER_DIR; };
		F2C6FD3C1D89E38800E0DD9E /* Foundation.framework */ = {isa = PBXFileReference; lastKnownFileType = wrapper.framework; name = Foundation.framework; path = Platforms/MacOSX.platform/Developer/SDKs/MacOSX10.12.sdk/System/Library/Frameworks/Foundation.framework; sourceTree = DEVELOPER_DIR; };
/* End PBXFileReference section */

/* Begin PBXFrameworksBuildPhase section */
		F2C6FCC11D89E16800E0DD9E /* Frameworks */ = {
			isa = PBXFrameworksBuildPhase;
			buildActionMask = 2147483647;
			files = (
				F2C6FD371D89E37500E0DD9E /* Foundation.framework in Frameworks */,
				F2C6FD391D89E37A00E0DD9E /* UIKit.framework in Frameworks */,
				F2C54A9E1D89F6F0003A2675 /* Alamofire.framework in Frameworks */,
			);
			runOnlyForDeploymentPostprocessing = 0;
		};
		F2C6FCD11D89E1A900E0DD9E /* Frameworks */ = {
			isa = PBXFrameworksBuildPhase;
			buildActionMask = 2147483647;
			files = (
				F2C6FD3D1D89E38800E0DD9E /* Foundation.framework in Frameworks */,
				F2C6FD3B1D89E38200E0DD9E /* AppKit.framework in Frameworks */,
				F2C54AA01D89F6FA003A2675 /* Alamofire.framework in Frameworks */,
			);
			runOnlyForDeploymentPostprocessing = 0;
		};
/* End PBXFrameworksBuildPhase section */

/* Begin PBXGroup section */
		F2478EC61ECCD0B300BAF014 /* Shared */ = {
			isa = PBXGroup;
			children = (
				F29F65211F710C5800C71400 /* Generated */,
				F2478EE11ECCD0B300BAF014 /* Handwritten */,
			);
			path = Shared;
			sourceTree = "<group>";
		};
		F2478EE11ECCD0B300BAF014 /* Handwritten */ = {
			isa = PBXGroup;
			children = (
				F2478EE21ECCD0B300BAF014 /* Custom.swift */,
				F2478EE31ECCD0B300BAF014 /* CustomRoutes.swift */,
				F2478EE41ECCD0B300BAF014 /* CustomTasks.swift */,
				F2478EE51ECCD0B300BAF014 /* DBChunkInputStream.h */,
				F2478EE61ECCD0B300BAF014 /* DBChunkInputStream.m */,
				F2478EE71ECCD0B300BAF014 /* DropboxClient.swift */,
				F2478EE81ECCD0B300BAF014 /* DropboxClientsManager.swift */,
				F2478EE91ECCD0B300BAF014 /* DropboxTeamClient.swift */,
				F2478EEA1ECCD0B300BAF014 /* DropboxTransportClient.swift */,
				F2478EEB1ECCD0B300BAF014 /* OAuth.swift */,
				F2478EEC1ECCD0B300BAF014 /* SwiftyDropbox.h */,
				F2478EED1ECCD0B300BAF014 /* TransportConfig.swift */,
				F2478F381ECCD2FF00BAF014 /* SDKConstants.swift */,
			);
			path = Handwritten;
			sourceTree = "<group>";
		};
		F265BD061E68071400CC38C8 /* Platform */ = {
			isa = PBXGroup;
			children = (
				F265BD071E68072500CC38C8 /* SwiftyDropbox_iOS */,
				F265BD0C1E68073A00CC38C8 /* SwiftyDropbox_macOS */,
			);
			name = Platform;
			sourceTree = "<group>";
		};
		F265BD071E68072500CC38C8 /* SwiftyDropbox_iOS */ = {
			isa = PBXGroup;
			children = (
				F265BD081E68072500CC38C8 /* Info.plist */,
				F265BD091E68072500CC38C8 /* OAuthMobile.swift */,
			);
			name = SwiftyDropbox_iOS;
			path = Platform/SwiftyDropbox_iOS;
			sourceTree = "<group>";
		};
		F265BD0C1E68073A00CC38C8 /* SwiftyDropbox_macOS */ = {
			isa = PBXGroup;
			children = (
				F265BD0D1E68073A00CC38C8 /* Info.plist */,
				F265BD0E1E68073A00CC38C8 /* OAuthDesktop.swift */,
			);
			name = SwiftyDropbox_macOS;
			path = Platform/SwiftyDropbox_macOS;
			sourceTree = "<group>";
		};
		F29F65211F710C5800C71400 /* Generated */ = {
			isa = PBXGroup;
			children = (
				F29F65221F710C5800C71400 /* Async.swift */,
				F29F65231F710C5800C71400 /* Auth.swift */,
				F29F65241F710C5800C71400 /* AuthRoutes.swift */,
				F29F65251F710C5800C71400 /* Base.swift */,
				F29F65261F710C5800C71400 /* BaseTeam.swift */,
				F29F65271F710C5800C71400 /* Common.swift */,
				F29F65281F710C5800C71400 /* FileProperties.swift */,
				F29F65291F710C5800C71400 /* FilePropertiesRoutes.swift */,
				F29F652A1F710C5800C71400 /* FileRequests.swift */,
				F29F652B1F710C5800C71400 /* FileRequestsRoutes.swift */,
				F29F652C1F710C5800C71400 /* Files.swift */,
				F29F652D1F710C5800C71400 /* FilesRoutes.swift */,
				F29F652E1F710C5800C71400 /* Paper.swift */,
				F29F652F1F710C5800C71400 /* PaperRoutes.swift */,
				F29F65301F710C5800C71400 /* Sharing.swift */,
				F29F65311F710C5800C71400 /* SharingRoutes.swift */,
				F29F65321F710C5800C71400 /* StoneBase.swift */,
				F29F65331F710C5800C71400 /* StoneSerializers.swift */,
				F29F65341F710C5800C71400 /* StoneValidators.swift */,
				F29F65351F710C5800C71400 /* Team.swift */,
				F29F65361F710C5800C71400 /* TeamCommon.swift */,
				F29F65371F710C5800C71400 /* TeamLog.swift */,
				F29F65381F710C5800C71400 /* TeamLogRoutes.swift */,
				F29F65391F710C5800C71400 /* TeamPolicies.swift */,
				F29F653A1F710C5800C71400 /* TeamRoutes.swift */,
				F29F653B1F710C5800C71400 /* Users.swift */,
				F29F653C1F710C5800C71400 /* UsersCommon.swift */,
				F29F653D1F710C5800C71400 /* UsersRoutes.swift */,
			);
			path = Generated;
			sourceTree = "<group>";
		};
		F2C6FCBB1D89E16800E0DD9E = {
			isa = PBXGroup;
			children = (
				F265BD061E68071400CC38C8 /* Platform */,
				F2478EC61ECCD0B300BAF014 /* Shared */,
				F2C6FCC61D89E16800E0DD9E /* Products */,
				F2C6FD351D89E37500E0DD9E /* Frameworks */,
			);
			sourceTree = "<group>";
		};
		F2C6FCC61D89E16800E0DD9E /* Products */ = {
			isa = PBXGroup;
			children = (
				F2C6FCC51D89E16800E0DD9E /* SwiftyDropbox.framework */,
				F2C6FCD51D89E1A900E0DD9E /* SwiftyDropbox.framework */,
			);
			name = Products;
			sourceTree = "<group>";
		};
		F2C6FD351D89E37500E0DD9E /* Frameworks */ = {
			isa = PBXGroup;
			children = (
				F2C54A9F1D89F6FA003A2675 /* Alamofire.framework */,
				F2C54A9D1D89F6F0003A2675 /* Alamofire.framework */,
				F2C6FD3C1D89E38800E0DD9E /* Foundation.framework */,
				F2C6FD3A1D89E38200E0DD9E /* AppKit.framework */,
				F2C6FD381D89E37A00E0DD9E /* UIKit.framework */,
				F2C6FD361D89E37500E0DD9E /* Foundation.framework */,
			);
			name = Frameworks;
			sourceTree = "<group>";
		};
/* End PBXGroup section */

/* Begin PBXHeadersBuildPhase section */
		F2C6FCC21D89E16800E0DD9E /* Headers */ = {
			isa = PBXHeadersBuildPhase;
			buildActionMask = 2147483647;
			files = (
				F2478F261ECCD0B300BAF014 /* DBChunkInputStream.h in Headers */,
				F2478F341ECCD0B300BAF014 /* SwiftyDropbox.h in Headers */,
			);
			runOnlyForDeploymentPostprocessing = 0;
		};
		F2C6FCD21D89E1A900E0DD9E /* Headers */ = {
			isa = PBXHeadersBuildPhase;
			buildActionMask = 2147483647;
			files = (
				F2478F271ECCD0B300BAF014 /* DBChunkInputStream.h in Headers */,
				F2478F351ECCD0B300BAF014 /* SwiftyDropbox.h in Headers */,
			);
			runOnlyForDeploymentPostprocessing = 0;
		};
/* End PBXHeadersBuildPhase section */

/* Begin PBXNativeTarget section */
		F2C6FCC41D89E16800E0DD9E /* SwiftyDropbox iOS */ = {
			isa = PBXNativeTarget;
			buildConfigurationList = F2C6FCCD1D89E16800E0DD9E /* Build configuration list for PBXNativeTarget "SwiftyDropbox iOS" */;
			buildPhases = (
				F2C6FCC01D89E16800E0DD9E /* Sources */,
				F2C6FCC11D89E16800E0DD9E /* Frameworks */,
				F2C6FCC21D89E16800E0DD9E /* Headers */,
				F2C6FCC31D89E16800E0DD9E /* Resources */,
			);
			buildRules = (
			);
			dependencies = (
			);
			name = "SwiftyDropbox iOS";
			productName = SwiftyDropbox;
			productReference = F2C6FCC51D89E16800E0DD9E /* SwiftyDropbox.framework */;
			productType = "com.apple.product-type.framework";
		};
		F2C6FCD41D89E1A900E0DD9E /* SwiftyDropbox macOS */ = {
			isa = PBXNativeTarget;
			buildConfigurationList = F2C6FCDA1D89E1A900E0DD9E /* Build configuration list for PBXNativeTarget "SwiftyDropbox macOS" */;
			buildPhases = (
				F2C6FCD01D89E1A900E0DD9E /* Sources */,
				F2C6FCD11D89E1A900E0DD9E /* Frameworks */,
				F2C6FCD21D89E1A900E0DD9E /* Headers */,
				F2C6FCD31D89E1A900E0DD9E /* Resources */,
			);
			buildRules = (
			);
			dependencies = (
			);
			name = "SwiftyDropbox macOS";
			productName = SwiftyDropbox_macOS;
			productReference = F2C6FCD51D89E1A900E0DD9E /* SwiftyDropbox.framework */;
			productType = "com.apple.product-type.framework";
		};
/* End PBXNativeTarget section */

/* Begin PBXProject section */
		F2C6FCBC1D89E16800E0DD9E /* Project object */ = {
			isa = PBXProject;
			attributes = {
				LastUpgradeCheck = 0900;
				ORGANIZATIONNAME = Dropbox;
				TargetAttributes = {
					F2C6FCC41D89E16800E0DD9E = {
						CreatedOnToolsVersion = 8.0;
						LastSwiftMigration = 0900;
						ProvisioningStyle = Automatic;
					};
					F2C6FCD41D89E1A900E0DD9E = {
						CreatedOnToolsVersion = 8.0;
						LastSwiftMigration = 0820;
						ProvisioningStyle = Automatic;
					};
				};
			};
			buildConfigurationList = F2C6FCBF1D89E16800E0DD9E /* Build configuration list for PBXProject "SwiftyDropbox" */;
			compatibilityVersion = "Xcode 3.2";
			developmentRegion = English;
			hasScannedForEncodings = 0;
			knownRegions = (
				en,
			);
			mainGroup = F2C6FCBB1D89E16800E0DD9E;
			productRefGroup = F2C6FCC61D89E16800E0DD9E /* Products */;
			projectDirPath = "";
			projectRoot = "";
			targets = (
				F2C6FCC41D89E16800E0DD9E /* SwiftyDropbox iOS */,
				F2C6FCD41D89E1A900E0DD9E /* SwiftyDropbox macOS */,
			);
		};
/* End PBXProject section */

/* Begin PBXResourcesBuildPhase section */
		F2C6FCC31D89E16800E0DD9E /* Resources */ = {
			isa = PBXResourcesBuildPhase;
			buildActionMask = 2147483647;
			files = (
			);
			runOnlyForDeploymentPostprocessing = 0;
		};
		F2C6FCD31D89E1A900E0DD9E /* Resources */ = {
			isa = PBXResourcesBuildPhase;
			buildActionMask = 2147483647;
			files = (
			);
			runOnlyForDeploymentPostprocessing = 0;
		};
/* End PBXResourcesBuildPhase section */

/* Begin PBXSourcesBuildPhase section */
		F2C6FCC01D89E16800E0DD9E /* Sources */ = {
			isa = PBXSourcesBuildPhase;
			buildActionMask = 2147483647;
			files = (
				F29F65441F710C6700C71400 /* Base.swift in Sources */,
				F29F65531F710C6700C71400 /* StoneValidators.swift in Sources */,
				F29F654D1F710C6700C71400 /* Paper.swift in Sources */,
				F29F65511F710C6700C71400 /* StoneBase.swift in Sources */,
				F29F654C1F710C6700C71400 /* FilesRoutes.swift in Sources */,
				F2478F2C1ECCD0B300BAF014 /* DropboxClientsManager.swift in Sources */,
				F29F65551F710C6700C71400 /* TeamCommon.swift in Sources */,
				F2478F361ECCD0B300BAF014 /* TransportConfig.swift in Sources */,
				F29F655C1F710C6700C71400 /* UsersRoutes.swift in Sources */,
				F2478F301ECCD0B300BAF014 /* DropboxTransportClient.swift in Sources */,
				F29F65461F710C6700C71400 /* Common.swift in Sources */,
				F29F65471F710C6700C71400 /* FileProperties.swift in Sources */,
				F29F65591F710C6700C71400 /* TeamRoutes.swift in Sources */,
				F29F65521F710C6700C71400 /* StoneSerializers.swift in Sources */,
				F29F65501F710C6700C71400 /* SharingRoutes.swift in Sources */,
				F29F65541F710C6700C71400 /* Team.swift in Sources */,
				F29F654B1F710C6700C71400 /* Files.swift in Sources */,
				F2478F241ECCD0B300BAF014 /* CustomTasks.swift in Sources */,
				F29F655B1F710C6700C71400 /* UsersCommon.swift in Sources */,
				F265BD0B1E68072500CC38C8 /* OAuthMobile.swift in Sources */,
				F2478F2E1ECCD0B300BAF014 /* DropboxTeamClient.swift in Sources */,
				F2478F281ECCD0B300BAF014 /* DBChunkInputStream.m in Sources */,
				F29F65421F710C6200C71400 /* AuthRoutes.swift in Sources */,
				F29F65581F710C6700C71400 /* TeamPolicies.swift in Sources */,
				F29F65491F710C6700C71400 /* FileRequests.swift in Sources */,
				F2478F391ECCD2FF00BAF014 /* SDKConstants.swift in Sources */,
				F29F655A1F710C6700C71400 /* Users.swift in Sources */,
				F29F654F1F710C6700C71400 /* Sharing.swift in Sources */,
				F2478F201ECCD0B300BAF014 /* Custom.swift in Sources */,
				F2478F321ECCD0B300BAF014 /* OAuth.swift in Sources */,
				F29F654E1F710C6700C71400 /* PaperRoutes.swift in Sources */,
				F2478F2A1ECCD0B300BAF014 /* DropboxClient.swift in Sources */,
				F29F65401F710C5F00C71400 /* Auth.swift in Sources */,
				F29F65481F710C6700C71400 /* FilePropertiesRoutes.swift in Sources */,
				F29F65561F710C6700C71400 /* TeamLog.swift in Sources */,
				F2478F221ECCD0B300BAF014 /* CustomRoutes.swift in Sources */,
				F29F653E1F710C5C00C71400 /* Async.swift in Sources */,
				F29F65451F710C6700C71400 /* BaseTeam.swift in Sources */,
				F29F654A1F710C6700C71400 /* FileRequestsRoutes.swift in Sources */,
				F29F65571F710C6700C71400 /* TeamLogRoutes.swift in Sources */,
			);
			runOnlyForDeploymentPostprocessing = 0;
		};
		F2C6FCD01D89E1A900E0DD9E /* Sources */ = {
			isa = PBXSourcesBuildPhase;
			buildActionMask = 2147483647;
			files = (
				F29F655D1F710C6700C71400 /* Base.swift in Sources */,
				F29F656C1F710C6700C71400 /* StoneValidators.swift in Sources */,
				F29F65661F710C6700C71400 /* Paper.swift in Sources */,
				F29F656A1F710C6700C71400 /* StoneBase.swift in Sources */,
				F29F65651F710C6700C71400 /* FilesRoutes.swift in Sources */,
				F2478F2D1ECCD0B300BAF014 /* DropboxClientsManager.swift in Sources */,
				F29F656E1F710C6700C71400 /* TeamCommon.swift in Sources */,
				F2478F371ECCD0B400BAF014 /* TransportConfig.swift in Sources */,
				F29F65751F710C6700C71400 /* UsersRoutes.swift in Sources */,
				F2478F311ECCD0B300BAF014 /* DropboxTransportClient.swift in Sources */,
				F29F655F1F710C6700C71400 /* Common.swift in Sources */,
				F29F65601F710C6700C71400 /* FileProperties.swift in Sources */,
				F29F65721F710C6700C71400 /* TeamRoutes.swift in Sources */,
				F29F656B1F710C6700C71400 /* StoneSerializers.swift in Sources */,
				F29F65691F710C6700C71400 /* SharingRoutes.swift in Sources */,
				F29F656D1F710C6700C71400 /* Team.swift in Sources */,
				F29F65641F710C6700C71400 /* Files.swift in Sources */,
				F2478F251ECCD0B300BAF014 /* CustomTasks.swift in Sources */,
				F29F65741F710C6700C71400 /* UsersCommon.swift in Sources */,
				F265BD101E68073A00CC38C8 /* OAuthDesktop.swift in Sources */,
				F2478F2F1ECCD0B300BAF014 /* DropboxTeamClient.swift in Sources */,
				F2478F291ECCD0B300BAF014 /* DBChunkInputStream.m in Sources */,
				F29F65431F710C6200C71400 /* AuthRoutes.swift in Sources */,
				F29F65711F710C6700C71400 /* TeamPolicies.swift in Sources */,
				F29F65621F710C6700C71400 /* FileRequests.swift in Sources */,
				F2478F3A1ECCD2FF00BAF014 /* SDKConstants.swift in Sources */,
				F29F65731F710C6700C71400 /* Users.swift in Sources */,
				F29F65681F710C6700C71400 /* Sharing.swift in Sources */,
				F2478F211ECCD0B300BAF014 /* Custom.swift in Sources */,
				F2478F331ECCD0B300BAF014 /* OAuth.swift in Sources */,
				F29F65671F710C6700C71400 /* PaperRoutes.swift in Sources */,
				F2478F2B1ECCD0B300BAF014 /* DropboxClient.swift in Sources */,
				F29F65411F710C5F00C71400 /* Auth.swift in Sources */,
				F29F65611F710C6700C71400 /* FilePropertiesRoutes.swift in Sources */,
				F29F656F1F710C6700C71400 /* TeamLog.swift in Sources */,
				F2478F231ECCD0B300BAF014 /* CustomRoutes.swift in Sources */,
				F29F653F1F710C5D00C71400 /* Async.swift in Sources */,
				F29F655E1F710C6700C71400 /* BaseTeam.swift in Sources */,
				F29F65631F710C6700C71400 /* FileRequestsRoutes.swift in Sources */,
				F29F65701F710C6700C71400 /* TeamLogRoutes.swift in Sources */,
			);
			runOnlyForDeploymentPostprocessing = 0;
		};
/* End PBXSourcesBuildPhase section */

/* Begin XCBuildConfiguration section */
		F2C6FCCB1D89E16800E0DD9E /* Debug */ = {
			isa = XCBuildConfiguration;
			buildSettings = {
				ALWAYS_SEARCH_USER_PATHS = NO;
				CLANG_ANALYZER_NONNULL = YES;
				CLANG_CXX_LANGUAGE_STANDARD = "gnu++0x";
				CLANG_CXX_LIBRARY = "libc++";
				CLANG_ENABLE_MODULES = YES;
				CLANG_ENABLE_OBJC_ARC = YES;
				CLANG_WARN_BLOCK_CAPTURE_AUTORELEASING = YES;
				CLANG_WARN_BOOL_CONVERSION = YES;
				CLANG_WARN_COMMA = YES;
				CLANG_WARN_CONSTANT_CONVERSION = YES;
				CLANG_WARN_DIRECT_OBJC_ISA_USAGE = YES_ERROR;
				CLANG_WARN_DOCUMENTATION_COMMENTS = YES;
				CLANG_WARN_EMPTY_BODY = YES;
				CLANG_WARN_ENUM_CONVERSION = YES;
				CLANG_WARN_INFINITE_RECURSION = YES;
				CLANG_WARN_INT_CONVERSION = YES;
				CLANG_WARN_NON_LITERAL_NULL_CONVERSION = YES;
				CLANG_WARN_OBJC_LITERAL_CONVERSION = YES;
				CLANG_WARN_OBJC_ROOT_CLASS = YES_ERROR;
				CLANG_WARN_RANGE_LOOP_ANALYSIS = YES;
				CLANG_WARN_STRICT_PROTOTYPES = YES;
				CLANG_WARN_SUSPICIOUS_MOVE = YES;
				CLANG_WARN_SUSPICIOUS_MOVES = YES;
				CLANG_WARN_UNREACHABLE_CODE = YES;
				CLANG_WARN__DUPLICATE_METHOD_MATCH = YES;
				"CODE_SIGN_IDENTITY[sdk=iphoneos*]" = "iPhone Developer";
				COPY_PHASE_STRIP = NO;
				CURRENT_PROJECT_VERSION = 1;
				DEBUG_INFORMATION_FORMAT = dwarf;
				ENABLE_STRICT_OBJC_MSGSEND = YES;
				ENABLE_TESTABILITY = YES;
				GCC_C_LANGUAGE_STANDARD = gnu99;
				GCC_DYNAMIC_NO_PIC = NO;
				GCC_NO_COMMON_BLOCKS = YES;
				GCC_OPTIMIZATION_LEVEL = 0;
				GCC_PREPROCESSOR_DEFINITIONS = (
					"DEBUG=1",
					"$(inherited)",
				);
				GCC_WARN_64_TO_32_BIT_CONVERSION = YES;
				GCC_WARN_ABOUT_RETURN_TYPE = YES_ERROR;
				GCC_WARN_UNDECLARED_SELECTOR = YES;
				GCC_WARN_UNINITIALIZED_AUTOS = YES_AGGRESSIVE;
				GCC_WARN_UNUSED_FUNCTION = YES;
				GCC_WARN_UNUSED_VARIABLE = YES;
				IPHONEOS_DEPLOYMENT_TARGET = 9.0;
				MACOSX_DEPLOYMENT_TARGET = 10.11;
				MTL_ENABLE_DEBUG_INFO = YES;
				ONLY_ACTIVE_ARCH = YES;
				SDKROOT = iphoneos;
				SWIFT_ACTIVE_COMPILATION_CONDITIONS = DEBUG;
				SWIFT_OPTIMIZATION_LEVEL = "-Onone";
				SWIFT_VERSION = 3.0;
				TARGETED_DEVICE_FAMILY = "1,2";
				VERSIONING_SYSTEM = "apple-generic";
				VERSION_INFO_PREFIX = "";
			};
			name = Debug;
		};
		F2C6FCCC1D89E16800E0DD9E /* Release */ = {
			isa = XCBuildConfiguration;
			buildSettings = {
				ALWAYS_SEARCH_USER_PATHS = NO;
				CLANG_ANALYZER_NONNULL = YES;
				CLANG_CXX_LANGUAGE_STANDARD = "gnu++0x";
				CLANG_CXX_LIBRARY = "libc++";
				CLANG_ENABLE_MODULES = YES;
				CLANG_ENABLE_OBJC_ARC = YES;
				CLANG_WARN_BLOCK_CAPTURE_AUTORELEASING = YES;
				CLANG_WARN_BOOL_CONVERSION = YES;
				CLANG_WARN_COMMA = YES;
				CLANG_WARN_CONSTANT_CONVERSION = YES;
				CLANG_WARN_DIRECT_OBJC_ISA_USAGE = YES_ERROR;
				CLANG_WARN_DOCUMENTATION_COMMENTS = YES;
				CLANG_WARN_EMPTY_BODY = YES;
				CLANG_WARN_ENUM_CONVERSION = YES;
				CLANG_WARN_INFINITE_RECURSION = YES;
				CLANG_WARN_INT_CONVERSION = YES;
				CLANG_WARN_NON_LITERAL_NULL_CONVERSION = YES;
				CLANG_WARN_OBJC_LITERAL_CONVERSION = YES;
				CLANG_WARN_OBJC_ROOT_CLASS = YES_ERROR;
				CLANG_WARN_RANGE_LOOP_ANALYSIS = YES;
				CLANG_WARN_STRICT_PROTOTYPES = YES;
				CLANG_WARN_SUSPICIOUS_MOVE = YES;
				CLANG_WARN_SUSPICIOUS_MOVES = YES;
				CLANG_WARN_UNREACHABLE_CODE = YES;
				CLANG_WARN__DUPLICATE_METHOD_MATCH = YES;
				"CODE_SIGN_IDENTITY[sdk=iphoneos*]" = "iPhone Developer";
				COPY_PHASE_STRIP = NO;
				CURRENT_PROJECT_VERSION = 1;
				DEBUG_INFORMATION_FORMAT = "dwarf-with-dsym";
				ENABLE_NS_ASSERTIONS = NO;
				ENABLE_STRICT_OBJC_MSGSEND = YES;
				GCC_C_LANGUAGE_STANDARD = gnu99;
				GCC_NO_COMMON_BLOCKS = YES;
				GCC_WARN_64_TO_32_BIT_CONVERSION = YES;
				GCC_WARN_ABOUT_RETURN_TYPE = YES_ERROR;
				GCC_WARN_UNDECLARED_SELECTOR = YES;
				GCC_WARN_UNINITIALIZED_AUTOS = YES_AGGRESSIVE;
				GCC_WARN_UNUSED_FUNCTION = YES;
				GCC_WARN_UNUSED_VARIABLE = YES;
				IPHONEOS_DEPLOYMENT_TARGET = 9.0;
				MACOSX_DEPLOYMENT_TARGET = 10.11;
				MTL_ENABLE_DEBUG_INFO = NO;
				SDKROOT = iphoneos;
				SWIFT_OPTIMIZATION_LEVEL = "-Owholemodule";
				SWIFT_VERSION = 3.0;
				TARGETED_DEVICE_FAMILY = "1,2";
				VALIDATE_PRODUCT = YES;
				VERSIONING_SYSTEM = "apple-generic";
				VERSION_INFO_PREFIX = "";
			};
			name = Release;
		};
		F2C6FCCE1D89E16800E0DD9E /* Debug */ = {
			isa = XCBuildConfiguration;
			buildSettings = {
				CLANG_ENABLE_MODULES = YES;
				CODE_SIGN_IDENTITY = "";
				DEFINES_MODULE = YES;
				DYLIB_COMPATIBILITY_VERSION = 1;
				DYLIB_CURRENT_VERSION = 1;
				DYLIB_INSTALL_NAME_BASE = "@rpath";
				FRAMEWORK_SEARCH_PATHS = "$(SRCROOT)/../../Carthage/Build/iOS/";
				INFOPLIST_FILE = "$(SRCROOT)/Platform/SwiftyDropbox_iOS/Info.plist";
				INSTALL_PATH = "$(LOCAL_LIBRARY_DIR)/Frameworks";
				IPHONEOS_DEPLOYMENT_TARGET = 9;
				LD_RUNPATH_SEARCH_PATHS = "$(inherited) @executable_path/Frameworks @loader_path/Frameworks";
				PRODUCT_BUNDLE_IDENTIFIER = com.dropbox.SwiftyDropbox;
				PRODUCT_NAME = SwiftyDropbox;
				SKIP_INSTALL = YES;
				SWIFT_OPTIMIZATION_LEVEL = "-Onone";
				SWIFT_SWIFT3_OBJC_INFERENCE = On;
				SWIFT_VERSION = 4.0;
			};
			name = Debug;
		};
		F2C6FCCF1D89E16800E0DD9E /* Release */ = {
			isa = XCBuildConfiguration;
			buildSettings = {
				CLANG_ENABLE_MODULES = YES;
				CODE_SIGN_IDENTITY = "";
				DEFINES_MODULE = YES;
				DYLIB_COMPATIBILITY_VERSION = 1;
				DYLIB_CURRENT_VERSION = 1;
				DYLIB_INSTALL_NAME_BASE = "@rpath";
				FRAMEWORK_SEARCH_PATHS = "$(SRCROOT)/../../Carthage/Build/iOS/";
				INFOPLIST_FILE = "$(SRCROOT)/Platform/SwiftyDropbox_iOS/Info.plist";
				INSTALL_PATH = "$(LOCAL_LIBRARY_DIR)/Frameworks";
				IPHONEOS_DEPLOYMENT_TARGET = 9;
				LD_RUNPATH_SEARCH_PATHS = "$(inherited) @executable_path/Frameworks @loader_path/Frameworks";
				PRODUCT_BUNDLE_IDENTIFIER = com.dropbox.SwiftyDropbox;
				PRODUCT_NAME = SwiftyDropbox;
				SKIP_INSTALL = YES;
				SWIFT_SWIFT3_OBJC_INFERENCE = On;
				SWIFT_VERSION = 4.0;
			};
			name = Release;
		};
		F2C6FCDB1D89E1A900E0DD9E /* Debug */ = {
			isa = XCBuildConfiguration;
			buildSettings = {
				CLANG_ENABLE_MODULES = YES;
				CODE_SIGN_IDENTITY = "-";
				COMBINE_HIDPI_IMAGES = YES;
				DEFINES_MODULE = YES;
				DYLIB_COMPATIBILITY_VERSION = 1;
				DYLIB_CURRENT_VERSION = 1;
				DYLIB_INSTALL_NAME_BASE = "@rpath";
				FRAMEWORK_SEARCH_PATHS = "$(SRCROOT)/../../Carthage/Build/Mac/";
				FRAMEWORK_VERSION = A;
				INFOPLIST_FILE = "$(SRCROOT)/Platform/SwiftyDropbox_macOS/Info.plist";
				INSTALL_PATH = "$(LOCAL_LIBRARY_DIR)/Frameworks";
				LD_RUNPATH_SEARCH_PATHS = "$(inherited) @executable_path/../Frameworks @loader_path/Frameworks";
				MACOSX_DEPLOYMENT_TARGET = 10.11;
				PRODUCT_BUNDLE_IDENTIFIER = "com.dropbox.SwiftyDropbox-macOS";
				PRODUCT_NAME = SwiftyDropbox;
				SDKROOT = macosx;
				SKIP_INSTALL = YES;
				SWIFT_OPTIMIZATION_LEVEL = "-Onone";
				SWIFT_VERSION = 3.0;
			};
			name = Debug;
		};
		F2C6FCDC1D89E1A900E0DD9E /* Release */ = {
			isa = XCBuildConfiguration;
			buildSettings = {
				CLANG_ENABLE_MODULES = YES;
				CODE_SIGN_IDENTITY = "-";
				COMBINE_HIDPI_IMAGES = YES;
				DEFINES_MODULE = YES;
				DYLIB_COMPATIBILITY_VERSION = 1;
				DYLIB_CURRENT_VERSION = 1;
				DYLIB_INSTALL_NAME_BASE = "@rpath";
				FRAMEWORK_SEARCH_PATHS = "$(SRCROOT)/../../Carthage/Build/Mac/";
				FRAMEWORK_VERSION = A;
				INFOPLIST_FILE = "$(SRCROOT)/Platform/SwiftyDropbox_macOS/Info.plist";
				INSTALL_PATH = "$(LOCAL_LIBRARY_DIR)/Frameworks";
				LD_RUNPATH_SEARCH_PATHS = "$(inherited) @executable_path/../Frameworks @loader_path/Frameworks";
				MACOSX_DEPLOYMENT_TARGET = 10.11;
				PRODUCT_BUNDLE_IDENTIFIER = "com.dropbox.SwiftyDropbox-macOS";
				PRODUCT_NAME = SwiftyDropbox;
				SDKROOT = macosx;
				SKIP_INSTALL = YES;
				SWIFT_VERSION = 3.0;
			};
			name = Release;
		};
/* End XCBuildConfiguration section */

/* Begin XCConfigurationList section */
		F2C6FCBF1D89E16800E0DD9E /* Build configuration list for PBXProject "SwiftyDropbox" */ = {
			isa = XCConfigurationList;
			buildConfigurations = (
				F2C6FCCB1D89E16800E0DD9E /* Debug */,
				F2C6FCCC1D89E16800E0DD9E /* Release */,
			);
			defaultConfigurationIsVisible = 0;
			defaultConfigurationName = Release;
		};
		F2C6FCCD1D89E16800E0DD9E /* Build configuration list for PBXNativeTarget "SwiftyDropbox iOS" */ = {
			isa = XCConfigurationList;
			buildConfigurations = (
				F2C6FCCE1D89E16800E0DD9E /* Debug */,
				F2C6FCCF1D89E16800E0DD9E /* Release */,
			);
			defaultConfigurationIsVisible = 0;
			defaultConfigurationName = Release;
		};
		F2C6FCDA1D89E1A900E0DD9E /* Build configuration list for PBXNativeTarget "SwiftyDropbox macOS" */ = {
			isa = XCConfigurationList;
			buildConfigurations = (
				F2C6FCDB1D89E1A900E0DD9E /* Debug */,
				F2C6FCDC1D89E1A900E0DD9E /* Release */,
			);
			defaultConfigurationIsVisible = 0;
			defaultConfigurationName = Release;
		};
/* End XCConfigurationList section */
	};
	rootObject = F2C6FCBC1D89E16800E0DD9E /* Project object */;
}
