// !$*UTF8*$!
{
	archiveVersion = 1;
	classes = {
	};
	objectVersion = 46;
	objects = {

/* Begin PBXBuildFile section */
		BF082C242464B7C6000C8469 /* AuthSession.swift in Sources */ = {isa = PBXBuildFile; fileRef = BF082C232464B7C6000C8469 /* AuthSession.swift */; };
		BF082C262464BE7A000C8469 /* OAuthUtils.swift in Sources */ = {isa = PBXBuildFile; fileRef = BF082C252464BE7A000C8469 /* OAuthUtils.swift */; };
		BF082C272464BE7A000C8469 /* OAuthUtils.swift in Sources */ = {isa = PBXBuildFile; fileRef = BF082C252464BE7A000C8469 /* OAuthUtils.swift */; };
		BF082C2A2464C4B7000C8469 /* LoadingViewController.swift in Sources */ = {isa = PBXBuildFile; fileRef = BF082C292464C4B7000C8469 /* LoadingViewController.swift */; };
		BF082C2C246620D2000C8469 /* OAuthConstants.swift in Sources */ = {isa = PBXBuildFile; fileRef = BF082C2B246620D2000C8469 /* OAuthConstants.swift */; };
		BF082C2D246620D5000C8469 /* OAuthConstants.swift in Sources */ = {isa = PBXBuildFile; fileRef = BF082C2B246620D2000C8469 /* OAuthConstants.swift */; };
		BF3A927224DE2DF1000BA354 /* AuthSession.swift in Sources */ = {isa = PBXBuildFile; fileRef = BF082C232464B7C6000C8469 /* AuthSession.swift */; };
		BF3A927424DE2EB7000BA354 /* OAuthTokenRequest.swift in Sources */ = {isa = PBXBuildFile; fileRef = BF3A927324DE2EB7000BA354 /* OAuthTokenRequest.swift */; };
		BF3A927524DE2EB7000BA354 /* OAuthTokenRequest.swift in Sources */ = {isa = PBXBuildFile; fileRef = BF3A927324DE2EB7000BA354 /* OAuthTokenRequest.swift */; };
		BF4CC99F247750E50005CADF /* AccessTokenProvider.swift in Sources */ = {isa = PBXBuildFile; fileRef = BF4CC99E247750E50005CADF /* AccessTokenProvider.swift */; };
		BF4CC9A0247750E50005CADF /* AccessTokenProvider.swift in Sources */ = {isa = PBXBuildFile; fileRef = BF4CC99E247750E50005CADF /* AccessTokenProvider.swift */; };
		BF4CC9A2247842250005CADF /* Request+TokenRefresh.swift in Sources */ = {isa = PBXBuildFile; fileRef = BF4CC9A1247842250005CADF /* Request+TokenRefresh.swift */; };
		BF4CC9A3247842250005CADF /* Request+TokenRefresh.swift in Sources */ = {isa = PBXBuildFile; fileRef = BF4CC9A1247842250005CADF /* Request+TokenRefresh.swift */; };
		BFDD66C9250310F7009D9B6D /* ChunkInputStream.swift in Sources */ = {isa = PBXBuildFile; fileRef = BFDD66C8250310F7009D9B6D /* ChunkInputStream.swift */; };
		BFDD66CA250310F7009D9B6D /* ChunkInputStream.swift in Sources */ = {isa = PBXBuildFile; fileRef = BFDD66C8250310F7009D9B6D /* ChunkInputStream.swift */; };
		BFFF31FC24DE68950029FC0C /* CloudDocs.swift in Sources */ = {isa = PBXBuildFile; fileRef = BFFF31D524DE68950029FC0C /* CloudDocs.swift */; };
		BFFF31FD24DE68950029FC0C /* CloudDocs.swift in Sources */ = {isa = PBXBuildFile; fileRef = BFFF31D524DE68950029FC0C /* CloudDocs.swift */; };
		BFFF31FE24DE68950029FC0C /* FilePropertiesRoutes.swift in Sources */ = {isa = PBXBuildFile; fileRef = BFFF31D624DE68950029FC0C /* FilePropertiesRoutes.swift */; };
		BFFF31FF24DE68950029FC0C /* FilePropertiesRoutes.swift in Sources */ = {isa = PBXBuildFile; fileRef = BFFF31D624DE68950029FC0C /* FilePropertiesRoutes.swift */; };
		BFFF320024DE68950029FC0C /* Users.swift in Sources */ = {isa = PBXBuildFile; fileRef = BFFF31D724DE68950029FC0C /* Users.swift */; };
		BFFF320124DE68950029FC0C /* Users.swift in Sources */ = {isa = PBXBuildFile; fileRef = BFFF31D724DE68950029FC0C /* Users.swift */; };
		BFFF320224DE68950029FC0C /* ContactsRoutes.swift in Sources */ = {isa = PBXBuildFile; fileRef = BFFF31D824DE68950029FC0C /* ContactsRoutes.swift */; };
		BFFF320324DE68950029FC0C /* ContactsRoutes.swift in Sources */ = {isa = PBXBuildFile; fileRef = BFFF31D824DE68950029FC0C /* ContactsRoutes.swift */; };
		BFFF320424DE68950029FC0C /* PaperRoutes.swift in Sources */ = {isa = PBXBuildFile; fileRef = BFFF31D924DE68950029FC0C /* PaperRoutes.swift */; };
		BFFF320524DE68950029FC0C /* PaperRoutes.swift in Sources */ = {isa = PBXBuildFile; fileRef = BFFF31D924DE68950029FC0C /* PaperRoutes.swift */; };
		BFFF320624DE68950029FC0C /* UsersRoutes.swift in Sources */ = {isa = PBXBuildFile; fileRef = BFFF31DA24DE68950029FC0C /* UsersRoutes.swift */; };
		BFFF320724DE68950029FC0C /* UsersRoutes.swift in Sources */ = {isa = PBXBuildFile; fileRef = BFFF31DA24DE68950029FC0C /* UsersRoutes.swift */; };
		BFFF320824DE68950029FC0C /* CheckRoutes.swift in Sources */ = {isa = PBXBuildFile; fileRef = BFFF31DB24DE68950029FC0C /* CheckRoutes.swift */; };
		BFFF320924DE68950029FC0C /* CheckRoutes.swift in Sources */ = {isa = PBXBuildFile; fileRef = BFFF31DB24DE68950029FC0C /* CheckRoutes.swift */; };
		BFFF320A24DE68950029FC0C /* TeamCommon.swift in Sources */ = {isa = PBXBuildFile; fileRef = BFFF31DC24DE68950029FC0C /* TeamCommon.swift */; };
		BFFF320B24DE68950029FC0C /* TeamCommon.swift in Sources */ = {isa = PBXBuildFile; fileRef = BFFF31DC24DE68950029FC0C /* TeamCommon.swift */; };
		BFFF320C24DE68950029FC0C /* SecondaryEmails.swift in Sources */ = {isa = PBXBuildFile; fileRef = BFFF31DD24DE68950029FC0C /* SecondaryEmails.swift */; };
		BFFF320D24DE68950029FC0C /* SecondaryEmails.swift in Sources */ = {isa = PBXBuildFile; fileRef = BFFF31DD24DE68950029FC0C /* SecondaryEmails.swift */; };
		BFFF320E24DE68950029FC0C /* Paper.swift in Sources */ = {isa = PBXBuildFile; fileRef = BFFF31DE24DE68950029FC0C /* Paper.swift */; };
		BFFF320F24DE68950029FC0C /* Paper.swift in Sources */ = {isa = PBXBuildFile; fileRef = BFFF31DE24DE68950029FC0C /* Paper.swift */; };
		BFFF321024DE68950029FC0C /* TeamPolicies.swift in Sources */ = {isa = PBXBuildFile; fileRef = BFFF31DF24DE68950029FC0C /* TeamPolicies.swift */; };
		BFFF321124DE68950029FC0C /* TeamPolicies.swift in Sources */ = {isa = PBXBuildFile; fileRef = BFFF31DF24DE68950029FC0C /* TeamPolicies.swift */; };
		BFFF321224DE68950029FC0C /* Auth.swift in Sources */ = {isa = PBXBuildFile; fileRef = BFFF31E024DE68950029FC0C /* Auth.swift */; };
		BFFF321324DE68950029FC0C /* Auth.swift in Sources */ = {isa = PBXBuildFile; fileRef = BFFF31E024DE68950029FC0C /* Auth.swift */; };
		BFFF321424DE68950029FC0C /* Sharing.swift in Sources */ = {isa = PBXBuildFile; fileRef = BFFF31E124DE68950029FC0C /* Sharing.swift */; };
		BFFF321524DE68950029FC0C /* Sharing.swift in Sources */ = {isa = PBXBuildFile; fileRef = BFFF31E124DE68950029FC0C /* Sharing.swift */; };
		BFFF321624DE68950029FC0C /* FileProperties.swift in Sources */ = {isa = PBXBuildFile; fileRef = BFFF31E224DE68950029FC0C /* FileProperties.swift */; };
		BFFF321724DE68950029FC0C /* FileProperties.swift in Sources */ = {isa = PBXBuildFile; fileRef = BFFF31E224DE68950029FC0C /* FileProperties.swift */; };
		BFFF321824DE68950029FC0C /* FileRequestsRoutes.swift in Sources */ = {isa = PBXBuildFile; fileRef = BFFF31E324DE68950029FC0C /* FileRequestsRoutes.swift */; };
		BFFF321924DE68950029FC0C /* FileRequestsRoutes.swift in Sources */ = {isa = PBXBuildFile; fileRef = BFFF31E324DE68950029FC0C /* FileRequestsRoutes.swift */; };
		BFFF321A24DE68950029FC0C /* Files.swift in Sources */ = {isa = PBXBuildFile; fileRef = BFFF31E424DE68950029FC0C /* Files.swift */; };
		BFFF321B24DE68950029FC0C /* Files.swift in Sources */ = {isa = PBXBuildFile; fileRef = BFFF31E424DE68950029FC0C /* Files.swift */; };
		BFFF321C24DE68950029FC0C /* FilesRoutes.swift in Sources */ = {isa = PBXBuildFile; fileRef = BFFF31E524DE68950029FC0C /* FilesRoutes.swift */; };
		BFFF321D24DE68950029FC0C /* FilesRoutes.swift in Sources */ = {isa = PBXBuildFile; fileRef = BFFF31E524DE68950029FC0C /* FilesRoutes.swift */; };
		BFFF321E24DE68950029FC0C /* StoneSerializers.swift in Sources */ = {isa = PBXBuildFile; fileRef = BFFF31E624DE68950029FC0C /* StoneSerializers.swift */; };
		BFFF321F24DE68950029FC0C /* StoneSerializers.swift in Sources */ = {isa = PBXBuildFile; fileRef = BFFF31E624DE68950029FC0C /* StoneSerializers.swift */; };
		BFFF322024DE68950029FC0C /* Team.swift in Sources */ = {isa = PBXBuildFile; fileRef = BFFF31E724DE68950029FC0C /* Team.swift */; };
		BFFF322124DE68950029FC0C /* Team.swift in Sources */ = {isa = PBXBuildFile; fileRef = BFFF31E724DE68950029FC0C /* Team.swift */; };
		BFFF322224DE68950029FC0C /* FileRequests.swift in Sources */ = {isa = PBXBuildFile; fileRef = BFFF31E824DE68950029FC0C /* FileRequests.swift */; };
		BFFF322324DE68950029FC0C /* FileRequests.swift in Sources */ = {isa = PBXBuildFile; fileRef = BFFF31E824DE68950029FC0C /* FileRequests.swift */; };
		BFFF322424DE68950029FC0C /* Contacts.swift in Sources */ = {isa = PBXBuildFile; fileRef = BFFF31E924DE68950029FC0C /* Contacts.swift */; };
		BFFF322524DE68950029FC0C /* Contacts.swift in Sources */ = {isa = PBXBuildFile; fileRef = BFFF31E924DE68950029FC0C /* Contacts.swift */; };
		BFFF322624DE68950029FC0C /* Common.swift in Sources */ = {isa = PBXBuildFile; fileRef = BFFF31EA24DE68950029FC0C /* Common.swift */; };
		BFFF322724DE68950029FC0C /* Common.swift in Sources */ = {isa = PBXBuildFile; fileRef = BFFF31EA24DE68950029FC0C /* Common.swift */; };
		BFFF322824DE68950029FC0C /* TeamLogRoutes.swift in Sources */ = {isa = PBXBuildFile; fileRef = BFFF31EB24DE68950029FC0C /* TeamLogRoutes.swift */; };
		BFFF322924DE68950029FC0C /* TeamLogRoutes.swift in Sources */ = {isa = PBXBuildFile; fileRef = BFFF31EB24DE68950029FC0C /* TeamLogRoutes.swift */; };
		BFFF322A24DE68950029FC0C /* StoneFixtures.swift in Sources */ = {isa = PBXBuildFile; fileRef = BFFF31EC24DE68950029FC0C /* StoneFixtures.swift */; };
		BFFF322B24DE68950029FC0C /* StoneFixtures.swift in Sources */ = {isa = PBXBuildFile; fileRef = BFFF31EC24DE68950029FC0C /* StoneFixtures.swift */; };
		BFFF322C24DE68950029FC0C /* AccountRoutes.swift in Sources */ = {isa = PBXBuildFile; fileRef = BFFF31ED24DE68950029FC0C /* AccountRoutes.swift */; };
		BFFF322D24DE68950029FC0C /* AccountRoutes.swift in Sources */ = {isa = PBXBuildFile; fileRef = BFFF31ED24DE68950029FC0C /* AccountRoutes.swift */; };
		BFFF322E24DE68950029FC0C /* Check.swift in Sources */ = {isa = PBXBuildFile; fileRef = BFFF31EE24DE68950029FC0C /* Check.swift */; };
		BFFF322F24DE68950029FC0C /* Check.swift in Sources */ = {isa = PBXBuildFile; fileRef = BFFF31EE24DE68950029FC0C /* Check.swift */; };
		BFFF323024DE68950029FC0C /* BaseTeam.swift in Sources */ = {isa = PBXBuildFile; fileRef = BFFF31EF24DE68950029FC0C /* BaseTeam.swift */; };
		BFFF323124DE68950029FC0C /* BaseTeam.swift in Sources */ = {isa = PBXBuildFile; fileRef = BFFF31EF24DE68950029FC0C /* BaseTeam.swift */; };
		BFFF323224DE68950029FC0C /* Async.swift in Sources */ = {isa = PBXBuildFile; fileRef = BFFF31F024DE68950029FC0C /* Async.swift */; };
		BFFF323324DE68950029FC0C /* Async.swift in Sources */ = {isa = PBXBuildFile; fileRef = BFFF31F024DE68950029FC0C /* Async.swift */; };
		BFFF323424DE68950029FC0C /* Base.swift in Sources */ = {isa = PBXBuildFile; fileRef = BFFF31F124DE68950029FC0C /* Base.swift */; };
		BFFF323524DE68950029FC0C /* Base.swift in Sources */ = {isa = PBXBuildFile; fileRef = BFFF31F124DE68950029FC0C /* Base.swift */; };
		BFFF323624DE68950029FC0C /* TeamRoutes.swift in Sources */ = {isa = PBXBuildFile; fileRef = BFFF31F224DE68950029FC0C /* TeamRoutes.swift */; };
		BFFF323724DE68950029FC0C /* TeamRoutes.swift in Sources */ = {isa = PBXBuildFile; fileRef = BFFF31F224DE68950029FC0C /* TeamRoutes.swift */; };
		BFFF323824DE68950029FC0C /* StoneBase.swift in Sources */ = {isa = PBXBuildFile; fileRef = BFFF31F324DE68950029FC0C /* StoneBase.swift */; };
		BFFF323924DE68950029FC0C /* StoneBase.swift in Sources */ = {isa = PBXBuildFile; fileRef = BFFF31F324DE68950029FC0C /* StoneBase.swift */; };
		BFFF323A24DE68950029FC0C /* CloudDocsRoutes.swift in Sources */ = {isa = PBXBuildFile; fileRef = BFFF31F424DE68950029FC0C /* CloudDocsRoutes.swift */; };
		BFFF323B24DE68950029FC0C /* CloudDocsRoutes.swift in Sources */ = {isa = PBXBuildFile; fileRef = BFFF31F424DE68950029FC0C /* CloudDocsRoutes.swift */; };
		BFFF323C24DE68950029FC0C /* UsersCommon.swift in Sources */ = {isa = PBXBuildFile; fileRef = BFFF31F524DE68950029FC0C /* UsersCommon.swift */; };
		BFFF323D24DE68950029FC0C /* UsersCommon.swift in Sources */ = {isa = PBXBuildFile; fileRef = BFFF31F524DE68950029FC0C /* UsersCommon.swift */; };
		BFFF323E24DE68950029FC0C /* AuthRoutes.swift in Sources */ = {isa = PBXBuildFile; fileRef = BFFF31F624DE68950029FC0C /* AuthRoutes.swift */; };
		BFFF323F24DE68950029FC0C /* AuthRoutes.swift in Sources */ = {isa = PBXBuildFile; fileRef = BFFF31F624DE68950029FC0C /* AuthRoutes.swift */; };
		BFFF324024DE68950029FC0C /* Account.swift in Sources */ = {isa = PBXBuildFile; fileRef = BFFF31F724DE68950029FC0C /* Account.swift */; };
		BFFF324124DE68950029FC0C /* Account.swift in Sources */ = {isa = PBXBuildFile; fileRef = BFFF31F724DE68950029FC0C /* Account.swift */; };
		BFFF324224DE68950029FC0C /* SeenState.swift in Sources */ = {isa = PBXBuildFile; fileRef = BFFF31F824DE68950029FC0C /* SeenState.swift */; };
		BFFF324324DE68950029FC0C /* SeenState.swift in Sources */ = {isa = PBXBuildFile; fileRef = BFFF31F824DE68950029FC0C /* SeenState.swift */; };
		BFFF324424DE68950029FC0C /* TeamLog.swift in Sources */ = {isa = PBXBuildFile; fileRef = BFFF31F924DE68950029FC0C /* TeamLog.swift */; };
		BFFF324524DE68950029FC0C /* TeamLog.swift in Sources */ = {isa = PBXBuildFile; fileRef = BFFF31F924DE68950029FC0C /* TeamLog.swift */; };
		BFFF324624DE68950029FC0C /* SharingRoutes.swift in Sources */ = {isa = PBXBuildFile; fileRef = BFFF31FA24DE68950029FC0C /* SharingRoutes.swift */; };
		BFFF324724DE68950029FC0C /* SharingRoutes.swift in Sources */ = {isa = PBXBuildFile; fileRef = BFFF31FA24DE68950029FC0C /* SharingRoutes.swift */; };
		BFFF324824DE68950029FC0C /* StoneValidators.swift in Sources */ = {isa = PBXBuildFile; fileRef = BFFF31FB24DE68950029FC0C /* StoneValidators.swift */; };
		BFFF324924DE68950029FC0C /* StoneValidators.swift in Sources */ = {isa = PBXBuildFile; fileRef = BFFF31FB24DE68950029FC0C /* StoneValidators.swift */; };
		F2478F201ECCD0B300BAF014 /* Custom.swift in Sources */ = {isa = PBXBuildFile; fileRef = F2478EE21ECCD0B300BAF014 /* Custom.swift */; };
		F2478F211ECCD0B300BAF014 /* Custom.swift in Sources */ = {isa = PBXBuildFile; fileRef = F2478EE21ECCD0B300BAF014 /* Custom.swift */; };
		F2478F221ECCD0B300BAF014 /* CustomRoutes.swift in Sources */ = {isa = PBXBuildFile; fileRef = F2478EE31ECCD0B300BAF014 /* CustomRoutes.swift */; };
		F2478F231ECCD0B300BAF014 /* CustomRoutes.swift in Sources */ = {isa = PBXBuildFile; fileRef = F2478EE31ECCD0B300BAF014 /* CustomRoutes.swift */; };
		F2478F241ECCD0B300BAF014 /* CustomTasks.swift in Sources */ = {isa = PBXBuildFile; fileRef = F2478EE41ECCD0B300BAF014 /* CustomTasks.swift */; };
		F2478F251ECCD0B300BAF014 /* CustomTasks.swift in Sources */ = {isa = PBXBuildFile; fileRef = F2478EE41ECCD0B300BAF014 /* CustomTasks.swift */; };
		F2478F2A1ECCD0B300BAF014 /* DropboxClient.swift in Sources */ = {isa = PBXBuildFile; fileRef = F2478EE71ECCD0B300BAF014 /* DropboxClient.swift */; };
		F2478F2B1ECCD0B300BAF014 /* DropboxClient.swift in Sources */ = {isa = PBXBuildFile; fileRef = F2478EE71ECCD0B300BAF014 /* DropboxClient.swift */; };
		F2478F2C1ECCD0B300BAF014 /* DropboxClientsManager.swift in Sources */ = {isa = PBXBuildFile; fileRef = F2478EE81ECCD0B300BAF014 /* DropboxClientsManager.swift */; };
		F2478F2D1ECCD0B300BAF014 /* DropboxClientsManager.swift in Sources */ = {isa = PBXBuildFile; fileRef = F2478EE81ECCD0B300BAF014 /* DropboxClientsManager.swift */; };
		F2478F2E1ECCD0B300BAF014 /* DropboxTeamClient.swift in Sources */ = {isa = PBXBuildFile; fileRef = F2478EE91ECCD0B300BAF014 /* DropboxTeamClient.swift */; };
		F2478F2F1ECCD0B300BAF014 /* DropboxTeamClient.swift in Sources */ = {isa = PBXBuildFile; fileRef = F2478EE91ECCD0B300BAF014 /* DropboxTeamClient.swift */; };
		F2478F301ECCD0B300BAF014 /* DropboxTransportClient.swift in Sources */ = {isa = PBXBuildFile; fileRef = F2478EEA1ECCD0B300BAF014 /* DropboxTransportClient.swift */; };
		F2478F311ECCD0B300BAF014 /* DropboxTransportClient.swift in Sources */ = {isa = PBXBuildFile; fileRef = F2478EEA1ECCD0B300BAF014 /* DropboxTransportClient.swift */; };
		F2478F321ECCD0B300BAF014 /* OAuth.swift in Sources */ = {isa = PBXBuildFile; fileRef = F2478EEB1ECCD0B300BAF014 /* OAuth.swift */; };
		F2478F331ECCD0B300BAF014 /* OAuth.swift in Sources */ = {isa = PBXBuildFile; fileRef = F2478EEB1ECCD0B300BAF014 /* OAuth.swift */; };
		F2478F341ECCD0B300BAF014 /* SwiftyDropbox.h in Headers */ = {isa = PBXBuildFile; fileRef = F2478EEC1ECCD0B300BAF014 /* SwiftyDropbox.h */; settings = {ATTRIBUTES = (Public, ); }; };
		F2478F351ECCD0B300BAF014 /* SwiftyDropbox.h in Headers */ = {isa = PBXBuildFile; fileRef = F2478EEC1ECCD0B300BAF014 /* SwiftyDropbox.h */; settings = {ATTRIBUTES = (Public, ); }; };
		F2478F361ECCD0B300BAF014 /* TransportConfig.swift in Sources */ = {isa = PBXBuildFile; fileRef = F2478EED1ECCD0B300BAF014 /* TransportConfig.swift */; };
		F2478F371ECCD0B400BAF014 /* TransportConfig.swift in Sources */ = {isa = PBXBuildFile; fileRef = F2478EED1ECCD0B300BAF014 /* TransportConfig.swift */; };
		F2478F391ECCD2FF00BAF014 /* SDKConstants.swift in Sources */ = {isa = PBXBuildFile; fileRef = F2478F381ECCD2FF00BAF014 /* SDKConstants.swift */; };
		F2478F3A1ECCD2FF00BAF014 /* SDKConstants.swift in Sources */ = {isa = PBXBuildFile; fileRef = F2478F381ECCD2FF00BAF014 /* SDKConstants.swift */; };
		F265BD0B1E68072500CC38C8 /* OAuthMobile.swift in Sources */ = {isa = PBXBuildFile; fileRef = F265BD091E68072500CC38C8 /* OAuthMobile.swift */; };
		F265BD101E68073A00CC38C8 /* OAuthDesktop.swift in Sources */ = {isa = PBXBuildFile; fileRef = F265BD0E1E68073A00CC38C8 /* OAuthDesktop.swift */; };
		F2C54A9E1D89F6F0003A2675 /* Alamofire.framework in Frameworks */ = {isa = PBXBuildFile; fileRef = F2C54A9D1D89F6F0003A2675 /* Alamofire.framework */; };
		F2C54AA01D89F6FA003A2675 /* Alamofire.framework in Frameworks */ = {isa = PBXBuildFile; fileRef = F2C54A9F1D89F6FA003A2675 /* Alamofire.framework */; };
		F2C6FD371D89E37500E0DD9E /* Foundation.framework in Frameworks */ = {isa = PBXBuildFile; fileRef = F2C6FD361D89E37500E0DD9E /* Foundation.framework */; };
		F2C6FD391D89E37A00E0DD9E /* UIKit.framework in Frameworks */ = {isa = PBXBuildFile; fileRef = F2C6FD381D89E37A00E0DD9E /* UIKit.framework */; };
		F2C6FD3B1D89E38200E0DD9E /* AppKit.framework in Frameworks */ = {isa = PBXBuildFile; fileRef = F2C6FD3A1D89E38200E0DD9E /* AppKit.framework */; };
		F2C6FD3D1D89E38800E0DD9E /* Foundation.framework in Frameworks */ = {isa = PBXBuildFile; fileRef = F2C6FD3C1D89E38800E0DD9E /* Foundation.framework */; };
/* End PBXBuildFile section */

/* Begin PBXFileReference section */
		BF082C232464B7C6000C8469 /* AuthSession.swift */ = {isa = PBXFileReference; fileEncoding = 4; lastKnownFileType = sourcecode.swift; path = AuthSession.swift; sourceTree = "<group>"; };
		BF082C252464BE7A000C8469 /* OAuthUtils.swift */ = {isa = PBXFileReference; lastKnownFileType = sourcecode.swift; path = OAuthUtils.swift; sourceTree = "<group>"; };
		BF082C292464C4B7000C8469 /* LoadingViewController.swift */ = {isa = PBXFileReference; lastKnownFileType = sourcecode.swift; path = LoadingViewController.swift; sourceTree = "<group>"; };
		BF082C2B246620D2000C8469 /* OAuthConstants.swift */ = {isa = PBXFileReference; lastKnownFileType = sourcecode.swift; path = OAuthConstants.swift; sourceTree = "<group>"; };
		BF3A927324DE2EB7000BA354 /* OAuthTokenRequest.swift */ = {isa = PBXFileReference; fileEncoding = 4; lastKnownFileType = sourcecode.swift; path = OAuthTokenRequest.swift; sourceTree = "<group>"; };
		BF4CC99E247750E50005CADF /* AccessTokenProvider.swift */ = {isa = PBXFileReference; lastKnownFileType = sourcecode.swift; path = AccessTokenProvider.swift; sourceTree = "<group>"; };
		BF4CC9A1247842250005CADF /* Request+TokenRefresh.swift */ = {isa = PBXFileReference; lastKnownFileType = sourcecode.swift; path = "Request+TokenRefresh.swift"; sourceTree = "<group>"; };
		BFDD66C8250310F7009D9B6D /* ChunkInputStream.swift */ = {isa = PBXFileReference; lastKnownFileType = sourcecode.swift; path = ChunkInputStream.swift; sourceTree = "<group>"; };
		BFFF31D524DE68950029FC0C /* CloudDocs.swift */ = {isa = PBXFileReference; fileEncoding = 4; lastKnownFileType = sourcecode.swift; path = CloudDocs.swift; sourceTree = "<group>"; };
		BFFF31D624DE68950029FC0C /* FilePropertiesRoutes.swift */ = {isa = PBXFileReference; fileEncoding = 4; lastKnownFileType = sourcecode.swift; path = FilePropertiesRoutes.swift; sourceTree = "<group>"; };
		BFFF31D724DE68950029FC0C /* Users.swift */ = {isa = PBXFileReference; fileEncoding = 4; lastKnownFileType = sourcecode.swift; path = Users.swift; sourceTree = "<group>"; };
		BFFF31D824DE68950029FC0C /* ContactsRoutes.swift */ = {isa = PBXFileReference; fileEncoding = 4; lastKnownFileType = sourcecode.swift; path = ContactsRoutes.swift; sourceTree = "<group>"; };
		BFFF31D924DE68950029FC0C /* PaperRoutes.swift */ = {isa = PBXFileReference; fileEncoding = 4; lastKnownFileType = sourcecode.swift; path = PaperRoutes.swift; sourceTree = "<group>"; };
		BFFF31DA24DE68950029FC0C /* UsersRoutes.swift */ = {isa = PBXFileReference; fileEncoding = 4; lastKnownFileType = sourcecode.swift; path = UsersRoutes.swift; sourceTree = "<group>"; };
		BFFF31DB24DE68950029FC0C /* CheckRoutes.swift */ = {isa = PBXFileReference; fileEncoding = 4; lastKnownFileType = sourcecode.swift; path = CheckRoutes.swift; sourceTree = "<group>"; };
		BFFF31DC24DE68950029FC0C /* TeamCommon.swift */ = {isa = PBXFileReference; fileEncoding = 4; lastKnownFileType = sourcecode.swift; path = TeamCommon.swift; sourceTree = "<group>"; };
		BFFF31DD24DE68950029FC0C /* SecondaryEmails.swift */ = {isa = PBXFileReference; fileEncoding = 4; lastKnownFileType = sourcecode.swift; path = SecondaryEmails.swift; sourceTree = "<group>"; };
		BFFF31DE24DE68950029FC0C /* Paper.swift */ = {isa = PBXFileReference; fileEncoding = 4; lastKnownFileType = sourcecode.swift; path = Paper.swift; sourceTree = "<group>"; };
		BFFF31DF24DE68950029FC0C /* TeamPolicies.swift */ = {isa = PBXFileReference; fileEncoding = 4; lastKnownFileType = sourcecode.swift; path = TeamPolicies.swift; sourceTree = "<group>"; };
		BFFF31E024DE68950029FC0C /* Auth.swift */ = {isa = PBXFileReference; fileEncoding = 4; lastKnownFileType = sourcecode.swift; path = Auth.swift; sourceTree = "<group>"; };
		BFFF31E124DE68950029FC0C /* Sharing.swift */ = {isa = PBXFileReference; fileEncoding = 4; lastKnownFileType = sourcecode.swift; path = Sharing.swift; sourceTree = "<group>"; };
		BFFF31E224DE68950029FC0C /* FileProperties.swift */ = {isa = PBXFileReference; fileEncoding = 4; lastKnownFileType = sourcecode.swift; path = FileProperties.swift; sourceTree = "<group>"; };
		BFFF31E324DE68950029FC0C /* FileRequestsRoutes.swift */ = {isa = PBXFileReference; fileEncoding = 4; lastKnownFileType = sourcecode.swift; path = FileRequestsRoutes.swift; sourceTree = "<group>"; };
		BFFF31E424DE68950029FC0C /* Files.swift */ = {isa = PBXFileReference; fileEncoding = 4; lastKnownFileType = sourcecode.swift; path = Files.swift; sourceTree = "<group>"; };
		BFFF31E524DE68950029FC0C /* FilesRoutes.swift */ = {isa = PBXFileReference; fileEncoding = 4; lastKnownFileType = sourcecode.swift; path = FilesRoutes.swift; sourceTree = "<group>"; };
		BFFF31E624DE68950029FC0C /* StoneSerializers.swift */ = {isa = PBXFileReference; fileEncoding = 4; lastKnownFileType = sourcecode.swift; path = StoneSerializers.swift; sourceTree = "<group>"; };
		BFFF31E724DE68950029FC0C /* Team.swift */ = {isa = PBXFileReference; fileEncoding = 4; lastKnownFileType = sourcecode.swift; path = Team.swift; sourceTree = "<group>"; };
		BFFF31E824DE68950029FC0C /* FileRequests.swift */ = {isa = PBXFileReference; fileEncoding = 4; lastKnownFileType = sourcecode.swift; path = FileRequests.swift; sourceTree = "<group>"; };
		BFFF31E924DE68950029FC0C /* Contacts.swift */ = {isa = PBXFileReference; fileEncoding = 4; lastKnownFileType = sourcecode.swift; path = Contacts.swift; sourceTree = "<group>"; };
		BFFF31EA24DE68950029FC0C /* Common.swift */ = {isa = PBXFileReference; fileEncoding = 4; lastKnownFileType = sourcecode.swift; path = Common.swift; sourceTree = "<group>"; };
		BFFF31EB24DE68950029FC0C /* TeamLogRoutes.swift */ = {isa = PBXFileReference; fileEncoding = 4; lastKnownFileType = sourcecode.swift; path = TeamLogRoutes.swift; sourceTree = "<group>"; };
		BFFF31EC24DE68950029FC0C /* StoneFixtures.swift */ = {isa = PBXFileReference; fileEncoding = 4; lastKnownFileType = sourcecode.swift; path = StoneFixtures.swift; sourceTree = "<group>"; };
		BFFF31ED24DE68950029FC0C /* AccountRoutes.swift */ = {isa = PBXFileReference; fileEncoding = 4; lastKnownFileType = sourcecode.swift; path = AccountRoutes.swift; sourceTree = "<group>"; };
		BFFF31EE24DE68950029FC0C /* Check.swift */ = {isa = PBXFileReference; fileEncoding = 4; lastKnownFileType = sourcecode.swift; path = Check.swift; sourceTree = "<group>"; };
		BFFF31EF24DE68950029FC0C /* BaseTeam.swift */ = {isa = PBXFileReference; fileEncoding = 4; lastKnownFileType = sourcecode.swift; path = BaseTeam.swift; sourceTree = "<group>"; };
		BFFF31F024DE68950029FC0C /* Async.swift */ = {isa = PBXFileReference; fileEncoding = 4; lastKnownFileType = sourcecode.swift; path = Async.swift; sourceTree = "<group>"; };
		BFFF31F124DE68950029FC0C /* Base.swift */ = {isa = PBXFileReference; fileEncoding = 4; lastKnownFileType = sourcecode.swift; path = Base.swift; sourceTree = "<group>"; };
		BFFF31F224DE68950029FC0C /* TeamRoutes.swift */ = {isa = PBXFileReference; fileEncoding = 4; lastKnownFileType = sourcecode.swift; path = TeamRoutes.swift; sourceTree = "<group>"; };
		BFFF31F324DE68950029FC0C /* StoneBase.swift */ = {isa = PBXFileReference; fileEncoding = 4; lastKnownFileType = sourcecode.swift; path = StoneBase.swift; sourceTree = "<group>"; };
		BFFF31F424DE68950029FC0C /* CloudDocsRoutes.swift */ = {isa = PBXFileReference; fileEncoding = 4; lastKnownFileType = sourcecode.swift; path = CloudDocsRoutes.swift; sourceTree = "<group>"; };
		BFFF31F524DE68950029FC0C /* UsersCommon.swift */ = {isa = PBXFileReference; fileEncoding = 4; lastKnownFileType = sourcecode.swift; path = UsersCommon.swift; sourceTree = "<group>"; };
		BFFF31F624DE68950029FC0C /* AuthRoutes.swift */ = {isa = PBXFileReference; fileEncoding = 4; lastKnownFileType = sourcecode.swift; path = AuthRoutes.swift; sourceTree = "<group>"; };
		BFFF31F724DE68950029FC0C /* Account.swift */ = {isa = PBXFileReference; fileEncoding = 4; lastKnownFileType = sourcecode.swift; path = Account.swift; sourceTree = "<group>"; };
		BFFF31F824DE68950029FC0C /* SeenState.swift */ = {isa = PBXFileReference; fileEncoding = 4; lastKnownFileType = sourcecode.swift; path = SeenState.swift; sourceTree = "<group>"; };
		BFFF31F924DE68950029FC0C /* TeamLog.swift */ = {isa = PBXFileReference; fileEncoding = 4; lastKnownFileType = sourcecode.swift; path = TeamLog.swift; sourceTree = "<group>"; };
		BFFF31FA24DE68950029FC0C /* SharingRoutes.swift */ = {isa = PBXFileReference; fileEncoding = 4; lastKnownFileType = sourcecode.swift; path = SharingRoutes.swift; sourceTree = "<group>"; };
		BFFF31FB24DE68950029FC0C /* StoneValidators.swift */ = {isa = PBXFileReference; fileEncoding = 4; lastKnownFileType = sourcecode.swift; path = StoneValidators.swift; sourceTree = "<group>"; };
		F2478EE21ECCD0B300BAF014 /* Custom.swift */ = {isa = PBXFileReference; fileEncoding = 4; lastKnownFileType = sourcecode.swift; path = Custom.swift; sourceTree = "<group>"; };
		F2478EE31ECCD0B300BAF014 /* CustomRoutes.swift */ = {isa = PBXFileReference; fileEncoding = 4; lastKnownFileType = sourcecode.swift; path = CustomRoutes.swift; sourceTree = "<group>"; };
		F2478EE41ECCD0B300BAF014 /* CustomTasks.swift */ = {isa = PBXFileReference; fileEncoding = 4; lastKnownFileType = sourcecode.swift; path = CustomTasks.swift; sourceTree = "<group>"; };
		F2478EE71ECCD0B300BAF014 /* DropboxClient.swift */ = {isa = PBXFileReference; fileEncoding = 4; lastKnownFileType = sourcecode.swift; path = DropboxClient.swift; sourceTree = "<group>"; };
		F2478EE81ECCD0B300BAF014 /* DropboxClientsManager.swift */ = {isa = PBXFileReference; fileEncoding = 4; lastKnownFileType = sourcecode.swift; path = DropboxClientsManager.swift; sourceTree = "<group>"; };
		F2478EE91ECCD0B300BAF014 /* DropboxTeamClient.swift */ = {isa = PBXFileReference; fileEncoding = 4; lastKnownFileType = sourcecode.swift; path = DropboxTeamClient.swift; sourceTree = "<group>"; };
		F2478EEA1ECCD0B300BAF014 /* DropboxTransportClient.swift */ = {isa = PBXFileReference; fileEncoding = 4; lastKnownFileType = sourcecode.swift; path = DropboxTransportClient.swift; sourceTree = "<group>"; };
		F2478EEB1ECCD0B300BAF014 /* OAuth.swift */ = {isa = PBXFileReference; fileEncoding = 4; lastKnownFileType = sourcecode.swift; path = OAuth.swift; sourceTree = "<group>"; };
		F2478EEC1ECCD0B300BAF014 /* SwiftyDropbox.h */ = {isa = PBXFileReference; fileEncoding = 4; lastKnownFileType = sourcecode.c.h; path = SwiftyDropbox.h; sourceTree = "<group>"; };
		F2478EED1ECCD0B300BAF014 /* TransportConfig.swift */ = {isa = PBXFileReference; fileEncoding = 4; lastKnownFileType = sourcecode.swift; path = TransportConfig.swift; sourceTree = "<group>"; };
		F2478F381ECCD2FF00BAF014 /* SDKConstants.swift */ = {isa = PBXFileReference; fileEncoding = 4; lastKnownFileType = sourcecode.swift; path = SDKConstants.swift; sourceTree = "<group>"; };
		F265BD081E68072500CC38C8 /* Info.plist */ = {isa = PBXFileReference; fileEncoding = 4; lastKnownFileType = text.plist.xml; path = Info.plist; sourceTree = "<group>"; };
		F265BD091E68072500CC38C8 /* OAuthMobile.swift */ = {isa = PBXFileReference; fileEncoding = 4; lastKnownFileType = sourcecode.swift; path = OAuthMobile.swift; sourceTree = "<group>"; };
		F265BD0D1E68073A00CC38C8 /* Info.plist */ = {isa = PBXFileReference; fileEncoding = 4; lastKnownFileType = text.plist.xml; path = Info.plist; sourceTree = "<group>"; };
		F265BD0E1E68073A00CC38C8 /* OAuthDesktop.swift */ = {isa = PBXFileReference; fileEncoding = 4; lastKnownFileType = sourcecode.swift; path = OAuthDesktop.swift; sourceTree = "<group>"; };
		F2C54A9D1D89F6F0003A2675 /* Alamofire.framework */ = {isa = PBXFileReference; lastKnownFileType = wrapper.framework; name = Alamofire.framework; path = ../../Carthage/Build/iOS/Alamofire.framework; sourceTree = "<group>"; };
		F2C54A9F1D89F6FA003A2675 /* Alamofire.framework */ = {isa = PBXFileReference; lastKnownFileType = wrapper.framework; name = Alamofire.framework; path = ../../Carthage/Build/Mac/Alamofire.framework; sourceTree = "<group>"; };
		F2C6FCC51D89E16800E0DD9E /* SwiftyDropbox.framework */ = {isa = PBXFileReference; explicitFileType = wrapper.framework; includeInIndex = 0; path = SwiftyDropbox.framework; sourceTree = BUILT_PRODUCTS_DIR; };
		F2C6FCD51D89E1A900E0DD9E /* SwiftyDropbox.framework */ = {isa = PBXFileReference; explicitFileType = wrapper.framework; includeInIndex = 0; path = SwiftyDropbox.framework; sourceTree = BUILT_PRODUCTS_DIR; };
		F2C6FD361D89E37500E0DD9E /* Foundation.framework */ = {isa = PBXFileReference; lastKnownFileType = wrapper.framework; name = Foundation.framework; path = System/Library/Frameworks/Foundation.framework; sourceTree = SDKROOT; };
		F2C6FD381D89E37A00E0DD9E /* UIKit.framework */ = {isa = PBXFileReference; lastKnownFileType = wrapper.framework; name = UIKit.framework; path = System/Library/Frameworks/UIKit.framework; sourceTree = SDKROOT; };
		F2C6FD3A1D89E38200E0DD9E /* AppKit.framework */ = {isa = PBXFileReference; lastKnownFileType = wrapper.framework; name = AppKit.framework; path = Platforms/MacOSX.platform/Developer/SDKs/MacOSX10.12.sdk/System/Library/Frameworks/AppKit.framework; sourceTree = DEVELOPER_DIR; };
		F2C6FD3C1D89E38800E0DD9E /* Foundation.framework */ = {isa = PBXFileReference; lastKnownFileType = wrapper.framework; name = Foundation.framework; path = Platforms/MacOSX.platform/Developer/SDKs/MacOSX10.12.sdk/System/Library/Frameworks/Foundation.framework; sourceTree = DEVELOPER_DIR; };
/* End PBXFileReference section */

/* Begin PBXFrameworksBuildPhase section */
		F2C6FCC11D89E16800E0DD9E /* Frameworks */ = {
			isa = PBXFrameworksBuildPhase;
			buildActionMask = 2147483647;
			files = (
				F2C6FD371D89E37500E0DD9E /* Foundation.framework in Frameworks */,
				F2C6FD391D89E37A00E0DD9E /* UIKit.framework in Frameworks */,
				F2C54A9E1D89F6F0003A2675 /* Alamofire.framework in Frameworks */,
			);
			runOnlyForDeploymentPostprocessing = 0;
		};
		F2C6FCD11D89E1A900E0DD9E /* Frameworks */ = {
			isa = PBXFrameworksBuildPhase;
			buildActionMask = 2147483647;
			files = (
				F2C6FD3D1D89E38800E0DD9E /* Foundation.framework in Frameworks */,
				F2C6FD3B1D89E38200E0DD9E /* AppKit.framework in Frameworks */,
				F2C54AA01D89F6FA003A2675 /* Alamofire.framework in Frameworks */,
			);
			runOnlyForDeploymentPostprocessing = 0;
		};
/* End PBXFrameworksBuildPhase section */

/* Begin PBXGroup section */
		BF082C1F24636F55000C8469 /* OAuth */ = {
			isa = PBXGroup;
			children = (
				BF3A927324DE2EB7000BA354 /* OAuthTokenRequest.swift */,
				BF082C232464B7C6000C8469 /* AuthSession.swift */,
				F2478EEB1ECCD0B300BAF014 /* OAuth.swift */,
				BF082C252464BE7A000C8469 /* OAuthUtils.swift */,
				BF082C2B246620D2000C8469 /* OAuthConstants.swift */,
				BF4CC99E247750E50005CADF /* AccessTokenProvider.swift */,
			);
			path = OAuth;
			sourceTree = "<group>";
		};
		BFFF31D424DE68950029FC0C /* Generated */ = {
			isa = PBXGroup;
			children = (
				BFFF31D524DE68950029FC0C /* CloudDocs.swift */,
				BFFF31D624DE68950029FC0C /* FilePropertiesRoutes.swift */,
				BFFF31D724DE68950029FC0C /* Users.swift */,
				BFFF31D824DE68950029FC0C /* ContactsRoutes.swift */,
				BFFF31D924DE68950029FC0C /* PaperRoutes.swift */,
				BFFF31DA24DE68950029FC0C /* UsersRoutes.swift */,
				BFFF31DB24DE68950029FC0C /* CheckRoutes.swift */,
				BFFF31DC24DE68950029FC0C /* TeamCommon.swift */,
				BFFF31DD24DE68950029FC0C /* SecondaryEmails.swift */,
				BFFF31DE24DE68950029FC0C /* Paper.swift */,
				BFFF31DF24DE68950029FC0C /* TeamPolicies.swift */,
				BFFF31E024DE68950029FC0C /* Auth.swift */,
				BFFF31E124DE68950029FC0C /* Sharing.swift */,
				BFFF31E224DE68950029FC0C /* FileProperties.swift */,
				BFFF31E324DE68950029FC0C /* FileRequestsRoutes.swift */,
				BFFF31E424DE68950029FC0C /* Files.swift */,
				BFFF31E524DE68950029FC0C /* FilesRoutes.swift */,
				BFFF31E624DE68950029FC0C /* StoneSerializers.swift */,
				BFFF31E724DE68950029FC0C /* Team.swift */,
				BFFF31E824DE68950029FC0C /* FileRequests.swift */,
				BFFF31E924DE68950029FC0C /* Contacts.swift */,
				BFFF31EA24DE68950029FC0C /* Common.swift */,
				BFFF31EB24DE68950029FC0C /* TeamLogRoutes.swift */,
				BFFF31EC24DE68950029FC0C /* StoneFixtures.swift */,
				BFFF31ED24DE68950029FC0C /* AccountRoutes.swift */,
				BFFF31EE24DE68950029FC0C /* Check.swift */,
				BFFF31EF24DE68950029FC0C /* BaseTeam.swift */,
				BFFF31F024DE68950029FC0C /* Async.swift */,
				BFFF31F124DE68950029FC0C /* Base.swift */,
				BFFF31F224DE68950029FC0C /* TeamRoutes.swift */,
				BFFF31F324DE68950029FC0C /* StoneBase.swift */,
				BFFF31F424DE68950029FC0C /* CloudDocsRoutes.swift */,
				BFFF31F524DE68950029FC0C /* UsersCommon.swift */,
				BFFF31F624DE68950029FC0C /* AuthRoutes.swift */,
				BFFF31F724DE68950029FC0C /* Account.swift */,
				BFFF31F824DE68950029FC0C /* SeenState.swift */,
				BFFF31F924DE68950029FC0C /* TeamLog.swift */,
				BFFF31FA24DE68950029FC0C /* SharingRoutes.swift */,
				BFFF31FB24DE68950029FC0C /* StoneValidators.swift */,
			);
			path = Generated;
			sourceTree = "<group>";
		};
		F2478EC61ECCD0B300BAF014 /* Shared */ = {
			isa = PBXGroup;
			children = (
				BFFF31D424DE68950029FC0C /* Generated */,
				F2478EE11ECCD0B300BAF014 /* Handwritten */,
			);
			path = Shared;
			sourceTree = "<group>";
		};
		F2478EE11ECCD0B300BAF014 /* Handwritten */ = {
			isa = PBXGroup;
			children = (
				BF082C1F24636F55000C8469 /* OAuth */,
				F2478EE21ECCD0B300BAF014 /* Custom.swift */,
				F2478EE31ECCD0B300BAF014 /* CustomRoutes.swift */,
				F2478EE41ECCD0B300BAF014 /* CustomTasks.swift */,
				F2478EE71ECCD0B300BAF014 /* DropboxClient.swift */,
				F2478EE81ECCD0B300BAF014 /* DropboxClientsManager.swift */,
				F2478EE91ECCD0B300BAF014 /* DropboxTeamClient.swift */,
				F2478EEA1ECCD0B300BAF014 /* DropboxTransportClient.swift */,
				F2478EEC1ECCD0B300BAF014 /* SwiftyDropbox.h */,
				F2478EED1ECCD0B300BAF014 /* TransportConfig.swift */,
				F2478F381ECCD2FF00BAF014 /* SDKConstants.swift */,
				BF4CC9A1247842250005CADF /* Request+TokenRefresh.swift */,
				BFDD66C8250310F7009D9B6D /* ChunkInputStream.swift */,
			);
			path = Handwritten;
			sourceTree = "<group>";
		};
		F265BD061E68071400CC38C8 /* Platform */ = {
			isa = PBXGroup;
			children = (
				F265BD071E68072500CC38C8 /* SwiftyDropbox_iOS */,
				F265BD0C1E68073A00CC38C8 /* SwiftyDropbox_macOS */,
			);
			name = Platform;
			sourceTree = "<group>";
		};
		F265BD071E68072500CC38C8 /* SwiftyDropbox_iOS */ = {
			isa = PBXGroup;
			children = (
				F265BD081E68072500CC38C8 /* Info.plist */,
				F265BD091E68072500CC38C8 /* OAuthMobile.swift */,
				BF082C292464C4B7000C8469 /* LoadingViewController.swift */,
			);
			name = SwiftyDropbox_iOS;
			path = Platform/SwiftyDropbox_iOS;
			sourceTree = "<group>";
		};
		F265BD0C1E68073A00CC38C8 /* SwiftyDropbox_macOS */ = {
			isa = PBXGroup;
			children = (
				F265BD0D1E68073A00CC38C8 /* Info.plist */,
				F265BD0E1E68073A00CC38C8 /* OAuthDesktop.swift */,
			);
			name = SwiftyDropbox_macOS;
			path = Platform/SwiftyDropbox_macOS;
			sourceTree = "<group>";
		};
		F2C6FCBB1D89E16800E0DD9E = {
			isa = PBXGroup;
			children = (
				F265BD061E68071400CC38C8 /* Platform */,
				F2478EC61ECCD0B300BAF014 /* Shared */,
				F2C6FCC61D89E16800E0DD9E /* Products */,
				F2C6FD351D89E37500E0DD9E /* Frameworks */,
			);
			sourceTree = "<group>";
		};
		F2C6FCC61D89E16800E0DD9E /* Products */ = {
			isa = PBXGroup;
			children = (
				F2C6FCC51D89E16800E0DD9E /* SwiftyDropbox.framework */,
				F2C6FCD51D89E1A900E0DD9E /* SwiftyDropbox.framework */,
			);
			name = Products;
			sourceTree = "<group>";
		};
		F2C6FD351D89E37500E0DD9E /* Frameworks */ = {
			isa = PBXGroup;
			children = (
				F2C54A9F1D89F6FA003A2675 /* Alamofire.framework */,
				F2C54A9D1D89F6F0003A2675 /* Alamofire.framework */,
				F2C6FD3C1D89E38800E0DD9E /* Foundation.framework */,
				F2C6FD3A1D89E38200E0DD9E /* AppKit.framework */,
				F2C6FD381D89E37A00E0DD9E /* UIKit.framework */,
				F2C6FD361D89E37500E0DD9E /* Foundation.framework */,
			);
			name = Frameworks;
			sourceTree = "<group>";
		};
/* End PBXGroup section */

/* Begin PBXHeadersBuildPhase section */
		F2C6FCC21D89E16800E0DD9E /* Headers */ = {
			isa = PBXHeadersBuildPhase;
			buildActionMask = 2147483647;
			files = (
				F2478F341ECCD0B300BAF014 /* SwiftyDropbox.h in Headers */,
			);
			runOnlyForDeploymentPostprocessing = 0;
		};
		F2C6FCD21D89E1A900E0DD9E /* Headers */ = {
			isa = PBXHeadersBuildPhase;
			buildActionMask = 2147483647;
			files = (
				F2478F351ECCD0B300BAF014 /* SwiftyDropbox.h in Headers */,
			);
			runOnlyForDeploymentPostprocessing = 0;
		};
/* End PBXHeadersBuildPhase section */

/* Begin PBXNativeTarget section */
		F2C6FCC41D89E16800E0DD9E /* SwiftyDropbox iOS */ = {
			isa = PBXNativeTarget;
			buildConfigurationList = F2C6FCCD1D89E16800E0DD9E /* Build configuration list for PBXNativeTarget "SwiftyDropbox iOS" */;
			buildPhases = (
				F2C6FCC01D89E16800E0DD9E /* Sources */,
				F2C6FCC11D89E16800E0DD9E /* Frameworks */,
				F2C6FCC21D89E16800E0DD9E /* Headers */,
				F2C6FCC31D89E16800E0DD9E /* Resources */,
			);
			buildRules = (
			);
			dependencies = (
			);
			name = "SwiftyDropbox iOS";
			productName = SwiftyDropbox;
			productReference = F2C6FCC51D89E16800E0DD9E /* SwiftyDropbox.framework */;
			productType = "com.apple.product-type.framework";
		};
		F2C6FCD41D89E1A900E0DD9E /* SwiftyDropbox macOS */ = {
			isa = PBXNativeTarget;
			buildConfigurationList = F2C6FCDA1D89E1A900E0DD9E /* Build configuration list for PBXNativeTarget "SwiftyDropbox macOS" */;
			buildPhases = (
				F2C6FCD01D89E1A900E0DD9E /* Sources */,
				F2C6FCD11D89E1A900E0DD9E /* Frameworks */,
				F2C6FCD21D89E1A900E0DD9E /* Headers */,
				F2C6FCD31D89E1A900E0DD9E /* Resources */,
			);
			buildRules = (
			);
			dependencies = (
			);
			name = "SwiftyDropbox macOS";
			productName = SwiftyDropbox_macOS;
			productReference = F2C6FCD51D89E1A900E0DD9E /* SwiftyDropbox.framework */;
			productType = "com.apple.product-type.framework";
		};
/* End PBXNativeTarget section */

/* Begin PBXProject section */
		F2C6FCBC1D89E16800E0DD9E /* Project object */ = {
			isa = PBXProject;
			attributes = {
				LastUpgradeCheck = 1000;
				ORGANIZATIONNAME = Dropbox;
				TargetAttributes = {
					F2C6FCC41D89E16800E0DD9E = {
						CreatedOnToolsVersion = 8.0;
						LastSwiftMigration = 0900;
						ProvisioningStyle = Automatic;
					};
					F2C6FCD41D89E1A900E0DD9E = {
						CreatedOnToolsVersion = 8.0;
						LastSwiftMigration = 0820;
						ProvisioningStyle = Automatic;
					};
				};
			};
			buildConfigurationList = F2C6FCBF1D89E16800E0DD9E /* Build configuration list for PBXProject "SwiftyDropbox" */;
			compatibilityVersion = "Xcode 3.2";
			developmentRegion = English;
			hasScannedForEncodings = 0;
			knownRegions = (
				English,
				en,
			);
			mainGroup = F2C6FCBB1D89E16800E0DD9E;
			productRefGroup = F2C6FCC61D89E16800E0DD9E /* Products */;
			projectDirPath = "";
			projectRoot = "";
			targets = (
				F2C6FCC41D89E16800E0DD9E /* SwiftyDropbox iOS */,
				F2C6FCD41D89E1A900E0DD9E /* SwiftyDropbox macOS */,
			);
		};
/* End PBXProject section */

/* Begin PBXResourcesBuildPhase section */
		F2C6FCC31D89E16800E0DD9E /* Resources */ = {
			isa = PBXResourcesBuildPhase;
			buildActionMask = 2147483647;
			files = (
			);
			runOnlyForDeploymentPostprocessing = 0;
		};
		F2C6FCD31D89E1A900E0DD9E /* Resources */ = {
			isa = PBXResourcesBuildPhase;
			buildActionMask = 2147483647;
			files = (
			);
			runOnlyForDeploymentPostprocessing = 0;
		};
/* End PBXResourcesBuildPhase section */

/* Begin PBXSourcesBuildPhase section */
		F2C6FCC01D89E16800E0DD9E /* Sources */ = {
			isa = PBXSourcesBuildPhase;
			buildActionMask = 2147483647;
			files = (
				BFFF323424DE68950029FC0C /* Base.swift in Sources */,
				BF082C262464BE7A000C8469 /* OAuthUtils.swift in Sources */,
				BFFF321C24DE68950029FC0C /* FilesRoutes.swift in Sources */,
				BFFF322E24DE68950029FC0C /* Check.swift in Sources */,
				BFFF323224DE68950029FC0C /* Async.swift in Sources */,
				BFFF322024DE68950029FC0C /* Team.swift in Sources */,
				BFFF320224DE68950029FC0C /* ContactsRoutes.swift in Sources */,
				BFFF322A24DE68950029FC0C /* StoneFixtures.swift in Sources */,
				BFFF321A24DE68950029FC0C /* Files.swift in Sources */,
				F2478F2C1ECCD0B300BAF014 /* DropboxClientsManager.swift in Sources */,
				BFFF320E24DE68950029FC0C /* Paper.swift in Sources */,
				BF4CC9A2247842250005CADF /* Request+TokenRefresh.swift in Sources */,
				BFFF324224DE68950029FC0C /* SeenState.swift in Sources */,
				F2478F361ECCD0B300BAF014 /* TransportConfig.swift in Sources */,
				BFFF31FE24DE68950029FC0C /* FilePropertiesRoutes.swift in Sources */,
				BFFF320424DE68950029FC0C /* PaperRoutes.swift in Sources */,
				BFFF323E24DE68950029FC0C /* AuthRoutes.swift in Sources */,
				BFFF322624DE68950029FC0C /* Common.swift in Sources */,
				F2478F301ECCD0B300BAF014 /* DropboxTransportClient.swift in Sources */,
				BFFF322824DE68950029FC0C /* TeamLogRoutes.swift in Sources */,
				BFFF321824DE68950029FC0C /* FileRequestsRoutes.swift in Sources */,
				F2478F241ECCD0B300BAF014 /* CustomTasks.swift in Sources */,
				BFFF320A24DE68950029FC0C /* TeamCommon.swift in Sources */,
				BFFF31FC24DE68950029FC0C /* CloudDocs.swift in Sources */,
				BFFF324024DE68950029FC0C /* Account.swift in Sources */,
				BFFF324424DE68950029FC0C /* TeamLog.swift in Sources */,
				F265BD0B1E68072500CC38C8 /* OAuthMobile.swift in Sources */,
				BF3A927424DE2EB7000BA354 /* OAuthTokenRequest.swift in Sources */,
				BFFF320024DE68950029FC0C /* Users.swift in Sources */,
				F2478F2E1ECCD0B300BAF014 /* DropboxTeamClient.swift in Sources */,
				BFFF320C24DE68950029FC0C /* SecondaryEmails.swift in Sources */,
				BF082C2A2464C4B7000C8469 /* LoadingViewController.swift in Sources */,
				BF4CC99F247750E50005CADF /* AccessTokenProvider.swift in Sources */,
				BF082C2C246620D2000C8469 /* OAuthConstants.swift in Sources */,
				BFFF322424DE68950029FC0C /* Contacts.swift in Sources */,
				BFFF321624DE68950029FC0C /* FileProperties.swift in Sources */,
				BFFF321424DE68950029FC0C /* Sharing.swift in Sources */,
				BFFF320824DE68950029FC0C /* CheckRoutes.swift in Sources */,
				BFFF323024DE68950029FC0C /* BaseTeam.swift in Sources */,
				BFFF320624DE68950029FC0C /* UsersRoutes.swift in Sources */,
				BFFF322C24DE68950029FC0C /* AccountRoutes.swift in Sources */,
				BFFF324824DE68950029FC0C /* StoneValidators.swift in Sources */,
				F2478F391ECCD2FF00BAF014 /* SDKConstants.swift in Sources */,
				F2478F201ECCD0B300BAF014 /* Custom.swift in Sources */,
				F2478F321ECCD0B300BAF014 /* OAuth.swift in Sources */,
				BFDD66C9250310F7009D9B6D /* ChunkInputStream.swift in Sources */,
				BFFF322224DE68950029FC0C /* FileRequests.swift in Sources */,
				BFFF323824DE68950029FC0C /* StoneBase.swift in Sources */,
				BFFF323C24DE68950029FC0C /* UsersCommon.swift in Sources */,
				BFFF323A24DE68950029FC0C /* CloudDocsRoutes.swift in Sources */,
				BFFF321024DE68950029FC0C /* TeamPolicies.swift in Sources */,
				BFFF321E24DE68950029FC0C /* StoneSerializers.swift in Sources */,
				F2478F2A1ECCD0B300BAF014 /* DropboxClient.swift in Sources */,
				BFFF324624DE68950029FC0C /* SharingRoutes.swift in Sources */,
				BFFF321224DE68950029FC0C /* Auth.swift in Sources */,
				BF082C242464B7C6000C8469 /* AuthSession.swift in Sources */,
				F2478F221ECCD0B300BAF014 /* CustomRoutes.swift in Sources */,
				BFFF323624DE68950029FC0C /* TeamRoutes.swift in Sources */,
			);
			runOnlyForDeploymentPostprocessing = 0;
		};
		F2C6FCD01D89E1A900E0DD9E /* Sources */ = {
			isa = PBXSourcesBuildPhase;
			buildActionMask = 2147483647;
			files = (
				F2478F2D1ECCD0B300BAF014 /* DropboxClientsManager.swift in Sources */,
				BFFF320924DE68950029FC0C /* CheckRoutes.swift in Sources */,
				F2478F371ECCD0B400BAF014 /* TransportConfig.swift in Sources */,
				F2478F311ECCD0B300BAF014 /* DropboxTransportClient.swift in Sources */,
				BFFF322F24DE68950029FC0C /* Check.swift in Sources */,
				BF4CC9A0247750E50005CADF /* AccessTokenProvider.swift in Sources */,
				BFFF321D24DE68950029FC0C /* FilesRoutes.swift in Sources */,
				BFFF321324DE68950029FC0C /* Auth.swift in Sources */,
				F2478F251ECCD0B300BAF014 /* CustomTasks.swift in Sources */,
				BFFF322724DE68950029FC0C /* Common.swift in Sources */,
				BFFF322524DE68950029FC0C /* Contacts.swift in Sources */,
				BFFF320F24DE68950029FC0C /* Paper.swift in Sources */,
				BFFF323524DE68950029FC0C /* Base.swift in Sources */,
				BFFF324924DE68950029FC0C /* StoneValidators.swift in Sources */,
				BFDD66CA250310F7009D9B6D /* ChunkInputStream.swift in Sources */,
				F265BD101E68073A00CC38C8 /* OAuthDesktop.swift in Sources */,
				BFFF324324DE68950029FC0C /* SeenState.swift in Sources */,
				BFFF323D24DE68950029FC0C /* UsersCommon.swift in Sources */,
				BFFF323124DE68950029FC0C /* BaseTeam.swift in Sources */,
				BFFF323324DE68950029FC0C /* Async.swift in Sources */,
				BFFF320D24DE68950029FC0C /* SecondaryEmails.swift in Sources */,
				BFFF31FD24DE68950029FC0C /* CloudDocs.swift in Sources */,
				BFFF320524DE68950029FC0C /* PaperRoutes.swift in Sources */,
				F2478F2F1ECCD0B300BAF014 /* DropboxTeamClient.swift in Sources */,
				BFFF320324DE68950029FC0C /* ContactsRoutes.swift in Sources */,
				BF082C2D246620D5000C8469 /* OAuthConstants.swift in Sources */,
				BFFF322D24DE68950029FC0C /* AccountRoutes.swift in Sources */,
				F2478F3A1ECCD2FF00BAF014 /* SDKConstants.swift in Sources */,
				BF3A927224DE2DF1000BA354 /* AuthSession.swift in Sources */,
				F2478F211ECCD0B300BAF014 /* Custom.swift in Sources */,
				BFFF321524DE68950029FC0C /* Sharing.swift in Sources */,
				BFFF321124DE68950029FC0C /* TeamPolicies.swift in Sources */,
				BFFF321924DE68950029FC0C /* FileRequestsRoutes.swift in Sources */,
				BFFF324524DE68950029FC0C /* TeamLog.swift in Sources */,
				BFFF322124DE68950029FC0C /* Team.swift in Sources */,
				BFFF320124DE68950029FC0C /* Users.swift in Sources */,
				BFFF320724DE68950029FC0C /* UsersRoutes.swift in Sources */,
				BFFF324724DE68950029FC0C /* SharingRoutes.swift in Sources */,
				F2478F331ECCD0B300BAF014 /* OAuth.swift in Sources */,
				F2478F2B1ECCD0B300BAF014 /* DropboxClient.swift in Sources */,
				BFFF322924DE68950029FC0C /* TeamLogRoutes.swift in Sources */,
				BFFF323724DE68950029FC0C /* TeamRoutes.swift in Sources */,
				BFFF321F24DE68950029FC0C /* StoneSerializers.swift in Sources */,
				BFFF323F24DE68950029FC0C /* AuthRoutes.swift in Sources */,
				BF4CC9A3247842250005CADF /* Request+TokenRefresh.swift in Sources */,
				BFFF321B24DE68950029FC0C /* Files.swift in Sources */,
				BFFF324124DE68950029FC0C /* Account.swift in Sources */,
				BFFF323B24DE68950029FC0C /* CloudDocsRoutes.swift in Sources */,
				BFFF31FF24DE68950029FC0C /* FilePropertiesRoutes.swift in Sources */,
				BF3A927524DE2EB7000BA354 /* OAuthTokenRequest.swift in Sources */,
				BFFF322324DE68950029FC0C /* FileRequests.swift in Sources */,
				BFFF323924DE68950029FC0C /* StoneBase.swift in Sources */,
				BFFF322B24DE68950029FC0C /* StoneFixtures.swift in Sources */,
				BFFF321724DE68950029FC0C /* FileProperties.swift in Sources */,
				BF082C272464BE7A000C8469 /* OAuthUtils.swift in Sources */,
				F2478F231ECCD0B300BAF014 /* CustomRoutes.swift in Sources */,
				BFFF320B24DE68950029FC0C /* TeamCommon.swift in Sources */,
			);
			runOnlyForDeploymentPostprocessing = 0;
		};
/* End PBXSourcesBuildPhase section */

/* Begin XCBuildConfiguration section */
		F2C6FCCB1D89E16800E0DD9E /* Debug */ = {
			isa = XCBuildConfiguration;
			buildSettings = {
				ALWAYS_SEARCH_USER_PATHS = NO;
				CLANG_ANALYZER_NONNULL = YES;
				CLANG_CXX_LANGUAGE_STANDARD = "gnu++0x";
				CLANG_CXX_LIBRARY = "libc++";
				CLANG_ENABLE_MODULES = YES;
				CLANG_ENABLE_OBJC_ARC = YES;
				CLANG_WARN_BLOCK_CAPTURE_AUTORELEASING = YES;
				CLANG_WARN_BOOL_CONVERSION = YES;
				CLANG_WARN_COMMA = YES;
				CLANG_WARN_CONSTANT_CONVERSION = YES;
				CLANG_WARN_DEPRECATED_OBJC_IMPLEMENTATIONS = YES;
				CLANG_WARN_DIRECT_OBJC_ISA_USAGE = YES_ERROR;
				CLANG_WARN_DOCUMENTATION_COMMENTS = YES;
				CLANG_WARN_EMPTY_BODY = YES;
				CLANG_WARN_ENUM_CONVERSION = YES;
				CLANG_WARN_INFINITE_RECURSION = YES;
				CLANG_WARN_INT_CONVERSION = YES;
				CLANG_WARN_NON_LITERAL_NULL_CONVERSION = YES;
				CLANG_WARN_OBJC_IMPLICIT_RETAIN_SELF = YES;
				CLANG_WARN_OBJC_LITERAL_CONVERSION = YES;
				CLANG_WARN_OBJC_ROOT_CLASS = YES_ERROR;
				CLANG_WARN_RANGE_LOOP_ANALYSIS = YES;
				CLANG_WARN_STRICT_PROTOTYPES = YES;
				CLANG_WARN_SUSPICIOUS_MOVE = YES;
				CLANG_WARN_SUSPICIOUS_MOVES = YES;
				CLANG_WARN_UNREACHABLE_CODE = YES;
				CLANG_WARN__DUPLICATE_METHOD_MATCH = YES;
				"CODE_SIGN_IDENTITY[sdk=iphoneos*]" = "iPhone Developer";
				COPY_PHASE_STRIP = NO;
				CURRENT_PROJECT_VERSION = 1;
				DEBUG_INFORMATION_FORMAT = dwarf;
				ENABLE_STRICT_OBJC_MSGSEND = YES;
				ENABLE_TESTABILITY = YES;
				GCC_C_LANGUAGE_STANDARD = gnu99;
				GCC_DYNAMIC_NO_PIC = NO;
				GCC_NO_COMMON_BLOCKS = YES;
				GCC_OPTIMIZATION_LEVEL = 0;
				GCC_PREPROCESSOR_DEFINITIONS = (
					"DEBUG=1",
					"$(inherited)",
				);
				GCC_WARN_64_TO_32_BIT_CONVERSION = YES;
				GCC_WARN_ABOUT_RETURN_TYPE = YES_ERROR;
				GCC_WARN_UNDECLARED_SELECTOR = YES;
				GCC_WARN_UNINITIALIZED_AUTOS = YES_AGGRESSIVE;
				GCC_WARN_UNUSED_FUNCTION = YES;
				GCC_WARN_UNUSED_VARIABLE = YES;
				IPHONEOS_DEPLOYMENT_TARGET = 9.0;
				MACOSX_DEPLOYMENT_TARGET = 10.11;
				MTL_ENABLE_DEBUG_INFO = YES;
				ONLY_ACTIVE_ARCH = YES;
				SDKROOT = iphoneos;
				SWIFT_ACTIVE_COMPILATION_CONDITIONS = DEBUG;
				SWIFT_OPTIMIZATION_LEVEL = "-Onone";
				SWIFT_VERSION = 5.0;
				TARGETED_DEVICE_FAMILY = "1,2";
				VERSIONING_SYSTEM = "apple-generic";
				VERSION_INFO_PREFIX = "";
			};
			name = Debug;
		};
		F2C6FCCC1D89E16800E0DD9E /* Release */ = {
			isa = XCBuildConfiguration;
			buildSettings = {
				ALWAYS_SEARCH_USER_PATHS = NO;
				CLANG_ANALYZER_NONNULL = YES;
				CLANG_CXX_LANGUAGE_STANDARD = "gnu++0x";
				CLANG_CXX_LIBRARY = "libc++";
				CLANG_ENABLE_MODULES = YES;
				CLANG_ENABLE_OBJC_ARC = YES;
				CLANG_WARN_BLOCK_CAPTURE_AUTORELEASING = YES;
				CLANG_WARN_BOOL_CONVERSION = YES;
				CLANG_WARN_COMMA = YES;
				CLANG_WARN_CONSTANT_CONVERSION = YES;
				CLANG_WARN_DEPRECATED_OBJC_IMPLEMENTATIONS = YES;
				CLANG_WARN_DIRECT_OBJC_ISA_USAGE = YES_ERROR;
				CLANG_WARN_DOCUMENTATION_COMMENTS = YES;
				CLANG_WARN_EMPTY_BODY = YES;
				CLANG_WARN_ENUM_CONVERSION = YES;
				CLANG_WARN_INFINITE_RECURSION = YES;
				CLANG_WARN_INT_CONVERSION = YES;
				CLANG_WARN_NON_LITERAL_NULL_CONVERSION = YES;
				CLANG_WARN_OBJC_IMPLICIT_RETAIN_SELF = YES;
				CLANG_WARN_OBJC_LITERAL_CONVERSION = YES;
				CLANG_WARN_OBJC_ROOT_CLASS = YES_ERROR;
				CLANG_WARN_RANGE_LOOP_ANALYSIS = YES;
				CLANG_WARN_STRICT_PROTOTYPES = YES;
				CLANG_WARN_SUSPICIOUS_MOVE = YES;
				CLANG_WARN_SUSPICIOUS_MOVES = YES;
				CLANG_WARN_UNREACHABLE_CODE = YES;
				CLANG_WARN__DUPLICATE_METHOD_MATCH = YES;
				"CODE_SIGN_IDENTITY[sdk=iphoneos*]" = "iPhone Developer";
				COPY_PHASE_STRIP = NO;
				CURRENT_PROJECT_VERSION = 1;
				DEBUG_INFORMATION_FORMAT = "dwarf-with-dsym";
				ENABLE_NS_ASSERTIONS = NO;
				ENABLE_STRICT_OBJC_MSGSEND = YES;
				GCC_C_LANGUAGE_STANDARD = gnu99;
				GCC_NO_COMMON_BLOCKS = YES;
				GCC_WARN_64_TO_32_BIT_CONVERSION = YES;
				GCC_WARN_ABOUT_RETURN_TYPE = YES_ERROR;
				GCC_WARN_UNDECLARED_SELECTOR = YES;
				GCC_WARN_UNINITIALIZED_AUTOS = YES_AGGRESSIVE;
				GCC_WARN_UNUSED_FUNCTION = YES;
				GCC_WARN_UNUSED_VARIABLE = YES;
				IPHONEOS_DEPLOYMENT_TARGET = 9.0;
				MACOSX_DEPLOYMENT_TARGET = 10.11;
				MTL_ENABLE_DEBUG_INFO = NO;
				SDKROOT = iphoneos;
				SWIFT_OPTIMIZATION_LEVEL = "-Owholemodule";
				SWIFT_VERSION = 5.0;
				TARGETED_DEVICE_FAMILY = "1,2";
				VALIDATE_PRODUCT = YES;
				VERSIONING_SYSTEM = "apple-generic";
				VERSION_INFO_PREFIX = "";
			};
			name = Release;
		};
		F2C6FCCE1D89E16800E0DD9E /* Debug */ = {
			isa = XCBuildConfiguration;
			buildSettings = {
				CLANG_ENABLE_MODULES = YES;
				CODE_SIGN_IDENTITY = "";
				DEFINES_MODULE = YES;
				DYLIB_COMPATIBILITY_VERSION = 1;
				DYLIB_CURRENT_VERSION = 1;
				DYLIB_INSTALL_NAME_BASE = "@rpath";
				FRAMEWORK_SEARCH_PATHS = "$(SRCROOT)/../../Carthage/Build/iOS/";
				INFOPLIST_FILE = "$(SRCROOT)/Platform/SwiftyDropbox_iOS/Info.plist";
				INSTALL_PATH = "$(LOCAL_LIBRARY_DIR)/Frameworks";
				IPHONEOS_DEPLOYMENT_TARGET = 9;
				LD_RUNPATH_SEARCH_PATHS = "$(inherited) @executable_path/Frameworks @loader_path/Frameworks";
				PRODUCT_BUNDLE_IDENTIFIER = com.dropbox.SwiftyDropbox;
				PRODUCT_NAME = SwiftyDropbox;
				SKIP_INSTALL = YES;
				SWIFT_OPTIMIZATION_LEVEL = "-Onone";
				SWIFT_VERSION = 5.0;
			};
			name = Debug;
		};
		F2C6FCCF1D89E16800E0DD9E /* Release */ = {
			isa = XCBuildConfiguration;
			buildSettings = {
				CLANG_ENABLE_MODULES = YES;
				CODE_SIGN_IDENTITY = "";
				DEFINES_MODULE = YES;
				DYLIB_COMPATIBILITY_VERSION = 1;
				DYLIB_CURRENT_VERSION = 1;
				DYLIB_INSTALL_NAME_BASE = "@rpath";
				FRAMEWORK_SEARCH_PATHS = "$(SRCROOT)/../../Carthage/Build/iOS/";
				INFOPLIST_FILE = "$(SRCROOT)/Platform/SwiftyDropbox_iOS/Info.plist";
				INSTALL_PATH = "$(LOCAL_LIBRARY_DIR)/Frameworks";
				IPHONEOS_DEPLOYMENT_TARGET = 9;
				LD_RUNPATH_SEARCH_PATHS = "$(inherited) @executable_path/Frameworks @loader_path/Frameworks";
				PRODUCT_BUNDLE_IDENTIFIER = com.dropbox.SwiftyDropbox;
				PRODUCT_NAME = SwiftyDropbox;
				SKIP_INSTALL = YES;
				SWIFT_VERSION = 5.0;
			};
			name = Release;
		};
		F2C6FCDB1D89E1A900E0DD9E /* Debug */ = {
			isa = XCBuildConfiguration;
			buildSettings = {
				CLANG_ENABLE_MODULES = YES;
				CODE_SIGN_IDENTITY = "-";
				COMBINE_HIDPI_IMAGES = YES;
				DEFINES_MODULE = YES;
				DYLIB_COMPATIBILITY_VERSION = 1;
				DYLIB_CURRENT_VERSION = 1;
				DYLIB_INSTALL_NAME_BASE = "@rpath";
				FRAMEWORK_SEARCH_PATHS = "$(SRCROOT)/../../Carthage/Build/Mac/";
				FRAMEWORK_VERSION = A;
				INFOPLIST_FILE = "$(SRCROOT)/Platform/SwiftyDropbox_macOS/Info.plist";
				INSTALL_PATH = "$(LOCAL_LIBRARY_DIR)/Frameworks";
				LD_RUNPATH_SEARCH_PATHS = "$(inherited) @executable_path/../Frameworks @loader_path/Frameworks";
				MACOSX_DEPLOYMENT_TARGET = 10.11;
				PRODUCT_BUNDLE_IDENTIFIER = "com.dropbox.SwiftyDropbox-macOS";
				PRODUCT_NAME = SwiftyDropbox;
				SDKROOT = macosx;
				SKIP_INSTALL = YES;
				SWIFT_OPTIMIZATION_LEVEL = "-Onone";
				SWIFT_VERSION = 5.0;
			};
			name = Debug;
		};
		F2C6FCDC1D89E1A900E0DD9E /* Release */ = {
			isa = XCBuildConfiguration;
			buildSettings = {
				CLANG_ENABLE_MODULES = YES;
				CODE_SIGN_IDENTITY = "-";
				COMBINE_HIDPI_IMAGES = YES;
				DEFINES_MODULE = YES;
				DYLIB_COMPATIBILITY_VERSION = 1;
				DYLIB_CURRENT_VERSION = 1;
				DYLIB_INSTALL_NAME_BASE = "@rpath";
				FRAMEWORK_SEARCH_PATHS = "$(SRCROOT)/../../Carthage/Build/Mac/";
				FRAMEWORK_VERSION = A;
				INFOPLIST_FILE = "$(SRCROOT)/Platform/SwiftyDropbox_macOS/Info.plist";
				INSTALL_PATH = "$(LOCAL_LIBRARY_DIR)/Frameworks";
				LD_RUNPATH_SEARCH_PATHS = "$(inherited) @executable_path/../Frameworks @loader_path/Frameworks";
				MACOSX_DEPLOYMENT_TARGET = 10.11;
				PRODUCT_BUNDLE_IDENTIFIER = "com.dropbox.SwiftyDropbox-macOS";
				PRODUCT_NAME = SwiftyDropbox;
				SDKROOT = macosx;
				SKIP_INSTALL = YES;
				SWIFT_VERSION = 5.0;
			};
			name = Release;
		};
/* End XCBuildConfiguration section */

/* Begin XCConfigurationList section */
		F2C6FCBF1D89E16800E0DD9E /* Build configuration list for PBXProject "SwiftyDropbox" */ = {
			isa = XCConfigurationList;
			buildConfigurations = (
				F2C6FCCB1D89E16800E0DD9E /* Debug */,
				F2C6FCCC1D89E16800E0DD9E /* Release */,
			);
			defaultConfigurationIsVisible = 0;
			defaultConfigurationName = Release;
		};
		F2C6FCCD1D89E16800E0DD9E /* Build configuration list for PBXNativeTarget "SwiftyDropbox iOS" */ = {
			isa = XCConfigurationList;
			buildConfigurations = (
				F2C6FCCE1D89E16800E0DD9E /* Debug */,
				F2C6FCCF1D89E16800E0DD9E /* Release */,
			);
			defaultConfigurationIsVisible = 0;
			defaultConfigurationName = Release;
		};
		F2C6FCDA1D89E1A900E0DD9E /* Build configuration list for PBXNativeTarget "SwiftyDropbox macOS" */ = {
			isa = XCConfigurationList;
			buildConfigurations = (
				F2C6FCDB1D89E1A900E0DD9E /* Debug */,
				F2C6FCDC1D89E1A900E0DD9E /* Release */,
			);
			defaultConfigurationIsVisible = 0;
			defaultConfigurationName = Release;
		};
/* End XCConfigurationList section */
	};
	rootObject = F2C6FCBC1D89E16800E0DD9E /* Project object */;
}
