PODS:
  - SwiftyDropbox (8.3.0)
  - SwiftyDropboxObjC (8.3.0):
    - SwiftyDropbox (~> 8.3.0)

DEPENDENCIES:
  - SwiftyDropbox (from `../`)
  - SwiftyDropboxObjC (from `../`)

EXTERNAL SOURCES:
  SwiftyDropbox:
    :path: "../"
  SwiftyDropboxObjC:
    :path: "../"

SPEC CHECKSUMS:
  SwiftyDropbox: 5d9002eeb4e759ad494f64bc5c1dcdf791120fa9
  SwiftyDropboxObjC: bd08e3ae640838ba99473ecca80ded1c7d7186db

PODFILE CHECKSUM: 590f63b5f6164d49495c7ce09c32e872551a6db9

COCOAPODS: 1.12.1
