PODS:
  - Alamofire (5.4.3)
  - SwiftyDropbox (8.0.1):
    - Alamofire (~> 5.4.3)

DEPENDENCIES:
  - SwiftyDropbox (from `../`)

SPEC REPOS:
  trunk:
    - Alamofire

EXTERNAL SOURCES:
  SwiftyDropbox:
    :path: "../"

SPEC CHECKSUMS:
  Alamofire: e447a2774a40c996748296fa2c55112fdbbc42f9
  SwiftyDropbox: 9c9d6cf23182da2dc3be55150aceb86de922908b

PODFILE CHECKSUM: dadb3aa2d15d600ec946e676631ff3d44d1f03ca

COCOAPODS: 1.10.2
